// !$*UTF8*$!
{
	archiveVersion = 1;
	classes = {
	};
	objectVersion = 56;
	objects = {

/* Begin PBXBuildFile section */
		01AE58502925F74900B409D8 /* APIError.swift in Sources */ = {isa = PBXBuildFile; fileRef = 01AE584F2925F74900B409D8 /* APIError.swift */; };
		01AE58522925F76400B409D8 /* API.swift in Sources */ = {isa = PBXBuildFile; fileRef = 01AE58512925F76400B409D8 /* API.swift */; };
		01AE58542925F76A00B409D8 /* APIService.swift in Sources */ = {isa = PBXBuildFile; fileRef = 01AE58532925F76A00B409D8 /* APIService.swift */; };
		01AE58562925F7A400B409D8 /* Secrets.swift in Sources */ = {isa = PBXBuildFile; fileRef = 01AE58552925F7A400B409D8 /* Secrets.swift */; };
		01AE5858292606F000B409D8 /* WeekType.swift in Sources */ = {isa = PBXBuildFile; fileRef = 01AE5857292606F000B409D8 /* WeekType.swift */; };
		01AE586029261BD700B409D8 /* BoxOfficeListCollectionViewCell.swift in Sources */ = {isa = PBXBuildFile; fileRef = 01AE585F29261BD700B409D8 /* BoxOfficeListCollectionViewCell.swift */; };
		01AE586229262BC300B409D8 /* BoxOfficeListTableViewCell.swift in Sources */ = {isa = PBXBuildFile; fileRef = 01AE586129262BC300B409D8 /* BoxOfficeListTableViewCell.swift */; };
		01AE58642926388F00B409D8 /* BoxOfficeListButton.swift in Sources */ = {isa = PBXBuildFile; fileRef = 01AE58632926388F00B409D8 /* BoxOfficeListButton.swift */; };
		01F6E9742925C6D500770A4A /* AppDelegate.swift in Sources */ = {isa = PBXBuildFile; fileRef = 01F6E9732925C6D500770A4A /* AppDelegate.swift */; };
		01F6E9762925C6D500770A4A /* SceneDelegate.swift in Sources */ = {isa = PBXBuildFile; fileRef = 01F6E9752925C6D500770A4A /* SceneDelegate.swift */; };
		01F6E9782925C6D500770A4A /* BoxOfficeListViewController.swift in Sources */ = {isa = PBXBuildFile; fileRef = 01F6E9772925C6D500770A4A /* BoxOfficeListViewController.swift */; };
		01F6E97D2925C6D700770A4A /* Assets.xcassets in Resources */ = {isa = PBXBuildFile; fileRef = 01F6E97C2925C6D700770A4A /* Assets.xcassets */; };
		01F6E9802925C6D700770A4A /* LaunchScreen.storyboard in Resources */ = {isa = PBXBuildFile; fileRef = 01F6E97E2925C6D700770A4A /* LaunchScreen.storyboard */; };
/* End PBXBuildFile section */

/* Begin PBXFileReference section */
		01AE584F2925F74900B409D8 /* APIError.swift */ = {isa = PBXFileReference; lastKnownFileType = sourcecode.swift; path = APIError.swift; sourceTree = "<group>"; };
		01AE58512925F76400B409D8 /* API.swift */ = {isa = PBXFileReference; lastKnownFileType = sourcecode.swift; path = API.swift; sourceTree = "<group>"; };
		01AE58532925F76A00B409D8 /* APIService.swift */ = {isa = PBXFileReference; lastKnownFileType = sourcecode.swift; path = APIService.swift; sourceTree = "<group>"; };
		01AE58552925F7A400B409D8 /* Secrets.swift */ = {isa = PBXFileReference; lastKnownFileType = sourcecode.swift; path = Secrets.swift; sourceTree = "<group>"; };
		01AE5857292606F000B409D8 /* WeekType.swift */ = {isa = PBXFileReference; lastKnownFileType = sourcecode.swift; path = WeekType.swift; sourceTree = "<group>"; };
		01AE585F29261BD700B409D8 /* BoxOfficeListCollectionViewCell.swift */ = {isa = PBXFileReference; lastKnownFileType = sourcecode.swift; path = BoxOfficeListCollectionViewCell.swift; sourceTree = "<group>"; };
		01AE586129262BC300B409D8 /* BoxOfficeListTableViewCell.swift */ = {isa = PBXFileReference; lastKnownFileType = sourcecode.swift; path = BoxOfficeListTableViewCell.swift; sourceTree = "<group>"; };
		01AE58632926388F00B409D8 /* BoxOfficeListButton.swift */ = {isa = PBXFileReference; lastKnownFileType = sourcecode.swift; path = BoxOfficeListButton.swift; sourceTree = "<group>"; };
		01F6E9702925C6D500770A4A /* BoxOffice.app */ = {isa = PBXFileReference; explicitFileType = wrapper.application; includeInIndex = 0; path = BoxOffice.app; sourceTree = BUILT_PRODUCTS_DIR; };
		01F6E9732925C6D500770A4A /* AppDelegate.swift */ = {isa = PBXFileReference; lastKnownFileType = sourcecode.swift; path = AppDelegate.swift; sourceTree = "<group>"; };
		01F6E9752925C6D500770A4A /* SceneDelegate.swift */ = {isa = PBXFileReference; lastKnownFileType = sourcecode.swift; path = SceneDelegate.swift; sourceTree = "<group>"; };
		01F6E9772925C6D500770A4A /* BoxOfficeListViewController.swift */ = {isa = PBXFileReference; lastKnownFileType = sourcecode.swift; path = BoxOfficeListViewController.swift; sourceTree = "<group>"; };
		01F6E97C2925C6D700770A4A /* Assets.xcassets */ = {isa = PBXFileReference; lastKnownFileType = folder.assetcatalog; path = Assets.xcassets; sourceTree = "<group>"; };
		01F6E97F2925C6D700770A4A /* Base */ = {isa = PBXFileReference; lastKnownFileType = file.storyboard; name = Base; path = Base.lproj/LaunchScreen.storyboard; sourceTree = "<group>"; };
		01F6E9812925C6D700770A4A /* Info.plist */ = {isa = PBXFileReference; lastKnownFileType = text.plist.xml; path = Info.plist; sourceTree = "<group>"; };
/* End PBXFileReference section */

/* Begin PBXFrameworksBuildPhase section */
		01F6E96D2925C6D500770A4A /* Frameworks */ = {
			isa = PBXFrameworksBuildPhase;
			buildActionMask = 2147483647;
			files = (
			);
			runOnlyForDeploymentPostprocessing = 0;
		};
/* End PBXFrameworksBuildPhase section */

/* Begin PBXGroup section */
		01AE584A2925C94E00B409D8 /* Application */ = {
			isa = PBXGroup;
			children = (
				01F6E9732925C6D500770A4A /* AppDelegate.swift */,
				01F6E9752925C6D500770A4A /* SceneDelegate.swift */,
			);
			path = Application;
			sourceTree = "<group>";
		};
		01AE584B2925C9E600B409D8 /* Resource */ = {
			isa = PBXGroup;
			children = (
				01F6E97C2925C6D700770A4A /* Assets.xcassets */,
				01F6E97E2925C6D700770A4A /* LaunchScreen.storyboard */,
				01F6E9812925C6D700770A4A /* Info.plist */,
			);
			path = Resource;
			sourceTree = "<group>";
		};
		01AE584E2925F72600B409D8 /* Network */ = {
			isa = PBXGroup;
			children = (
				01AE58512925F76400B409D8 /* API.swift */,
				01AE584F2925F74900B409D8 /* APIError.swift */,
				01AE58532925F76A00B409D8 /* APIService.swift */,
				01AE58552925F7A400B409D8 /* Secrets.swift */,
				01AE5857292606F000B409D8 /* WeekType.swift */,
			);
			path = Network;
			sourceTree = "<group>";
		};
		01AE586529264DFC00B409D8 /* Scene */ = {
			isa = PBXGroup;
			children = (
				01AE586629264E0500B409D8 /* BoxOfficeList */,
			);
			path = Scene;
			sourceTree = "<group>";
		};
		01AE586629264E0500B409D8 /* BoxOfficeList */ = {
			isa = PBXGroup;
			children = (
				01AE585F29261BD700B409D8 /* BoxOfficeListCollectionViewCell.swift */,
				01AE586129262BC300B409D8 /* BoxOfficeListTableViewCell.swift */,
				01AE58632926388F00B409D8 /* BoxOfficeListButton.swift */,
				01F6E9772925C6D500770A4A /* BoxOfficeListViewController.swift */,
			);
			path = BoxOfficeList;
			sourceTree = "<group>";
		};
		01F6E9672925C6D500770A4A = {
			isa = PBXGroup;
			children = (
				01F6E9722925C6D500770A4A /* BoxOffice */,
				01F6E9712925C6D500770A4A /* Products */,
			);
			sourceTree = "<group>";
		};
		01F6E9712925C6D500770A4A /* Products */ = {
			isa = PBXGroup;
			children = (
				01F6E9702925C6D500770A4A /* BoxOffice.app */,
			);
			name = Products;
			sourceTree = "<group>";
		};
		01F6E9722925C6D500770A4A /* BoxOffice */ = {
			isa = PBXGroup;
			children = (
				01AE584A2925C94E00B409D8 /* Application */,
				01AE584E2925F72600B409D8 /* Network */,
				01AE584B2925C9E600B409D8 /* Resource */,
				01AE586529264DFC00B409D8 /* Scene */,
			);
			path = BoxOffice;
			sourceTree = "<group>";
		};
/* End PBXGroup section */

/* Begin PBXNativeTarget section */
		01F6E96F2925C6D500770A4A /* BoxOffice */ = {
			isa = PBXNativeTarget;
			buildConfigurationList = 01F6E9842925C6D700770A4A /* Build configuration list for PBXNativeTarget "BoxOffice" */;
			buildPhases = (
				01F6E96C2925C6D500770A4A /* Sources */,
				01F6E96D2925C6D500770A4A /* Frameworks */,
				01F6E96E2925C6D500770A4A /* Resources */,
			);
			buildRules = (
			);
			dependencies = (
			);
			name = BoxOffice;
			productName = BoxOffice;
			productReference = 01F6E9702925C6D500770A4A /* BoxOffice.app */;
			productType = "com.apple.product-type.application";
		};
/* End PBXNativeTarget section */

/* Begin PBXProject section */
		01F6E9682925C6D500770A4A /* Project object */ = {
			isa = PBXProject;
			attributes = {
				BuildIndependentTargetsInParallel = 1;
				LastSwiftUpdateCheck = 1410;
				LastUpgradeCheck = 1410;
				TargetAttributes = {
					01F6E96F2925C6D500770A4A = {
						CreatedOnToolsVersion = 14.1;
					};
				};
			};
			buildConfigurationList = 01F6E96B2925C6D500770A4A /* Build configuration list for PBXProject "BoxOffice" */;
			compatibilityVersion = "Xcode 14.0";
			developmentRegion = en;
			hasScannedForEncodings = 0;
			knownRegions = (
				en,
				Base,
			);
			mainGroup = 01F6E9672925C6D500770A4A;
			productRefGroup = 01F6E9712925C6D500770A4A /* Products */;
			projectDirPath = "";
			projectRoot = "";
			targets = (
				01F6E96F2925C6D500770A4A /* BoxOffice */,
			);
		};
/* End PBXProject section */

/* Begin PBXResourcesBuildPhase section */
		01F6E96E2925C6D500770A4A /* Resources */ = {
			isa = PBXResourcesBuildPhase;
			buildActionMask = 2147483647;
			files = (
				01F6E9802925C6D700770A4A /* LaunchScreen.storyboard in Resources */,
				01F6E97D2925C6D700770A4A /* Assets.xcassets in Resources */,
			);
			runOnlyForDeploymentPostprocessing = 0;
		};
/* End PBXResourcesBuildPhase section */

/* Begin PBXSourcesBuildPhase section */
		01F6E96C2925C6D500770A4A /* Sources */ = {
			isa = PBXSourcesBuildPhase;
			buildActionMask = 2147483647;
			files = (
				01F6E9782925C6D500770A4A /* BoxOfficeListViewController.swift in Sources */,
				01AE58562925F7A400B409D8 /* Secrets.swift in Sources */,
				01AE586229262BC300B409D8 /* BoxOfficeListTableViewCell.swift in Sources */,
				01AE58542925F76A00B409D8 /* APIService.swift in Sources */,
				01AE58642926388F00B409D8 /* BoxOfficeListButton.swift in Sources */,
				01AE5858292606F000B409D8 /* WeekType.swift in Sources */,
				01AE586029261BD700B409D8 /* BoxOfficeListCollectionViewCell.swift in Sources */,
				01F6E9742925C6D500770A4A /* AppDelegate.swift in Sources */,
				01AE58502925F74900B409D8 /* APIError.swift in Sources */,
				01AE58522925F76400B409D8 /* API.swift in Sources */,
				01F6E9762925C6D500770A4A /* SceneDelegate.swift in Sources */,
			);
			runOnlyForDeploymentPostprocessing = 0;
		};
/* End PBXSourcesBuildPhase section */

/* Begin PBXVariantGroup section */
		01F6E97E2925C6D700770A4A /* LaunchScreen.storyboard */ = {
			isa = PBXVariantGroup;
			children = (
				01F6E97F2925C6D700770A4A /* Base */,
			);
			name = LaunchScreen.storyboard;
			sourceTree = "<group>";
		};
/* End PBXVariantGroup section */

/* Begin XCBuildConfiguration section */
		01F6E9822925C6D700770A4A /* Debug */ = {
			isa = XCBuildConfiguration;
			buildSettings = {
				ALWAYS_SEARCH_USER_PATHS = NO;
				CLANG_ANALYZER_NONNULL = YES;
				CLANG_ANALYZER_NUMBER_OBJECT_CONVERSION = YES_AGGRESSIVE;
				CLANG_CXX_LANGUAGE_STANDARD = "gnu++20";
				CLANG_ENABLE_MODULES = YES;
				CLANG_ENABLE_OBJC_ARC = YES;
				CLANG_ENABLE_OBJC_WEAK = YES;
				CLANG_WARN_BLOCK_CAPTURE_AUTORELEASING = YES;
				CLANG_WARN_BOOL_CONVERSION = YES;
				CLANG_WARN_COMMA = YES;
				CLANG_WARN_CONSTANT_CONVERSION = YES;
				CLANG_WARN_DEPRECATED_OBJC_IMPLEMENTATIONS = YES;
				CLANG_WARN_DIRECT_OBJC_ISA_USAGE = YES_ERROR;
				CLANG_WARN_DOCUMENTATION_COMMENTS = YES;
				CLANG_WARN_EMPTY_BODY = YES;
				CLANG_WARN_ENUM_CONVERSION = YES;
				CLANG_WARN_INFINITE_RECURSION = YES;
				CLANG_WARN_INT_CONVERSION = YES;
				CLANG_WARN_NON_LITERAL_NULL_CONVERSION = YES;
				CLANG_WARN_OBJC_IMPLICIT_RETAIN_SELF = YES;
				CLANG_WARN_OBJC_LITERAL_CONVERSION = YES;
				CLANG_WARN_OBJC_ROOT_CLASS = YES_ERROR;
				CLANG_WARN_QUOTED_INCLUDE_IN_FRAMEWORK_HEADER = YES;
				CLANG_WARN_RANGE_LOOP_ANALYSIS = YES;
				CLANG_WARN_STRICT_PROTOTYPES = YES;
				CLANG_WARN_SUSPICIOUS_MOVE = YES;
				CLANG_WARN_UNGUARDED_AVAILABILITY = YES_AGGRESSIVE;
				CLANG_WARN_UNREACHABLE_CODE = YES;
				CLANG_WARN__DUPLICATE_METHOD_MATCH = YES;
				COPY_PHASE_STRIP = NO;
				DEBUG_INFORMATION_FORMAT = dwarf;
				ENABLE_STRICT_OBJC_MSGSEND = YES;
				ENABLE_TESTABILITY = YES;
				GCC_C_LANGUAGE_STANDARD = gnu11;
				GCC_DYNAMIC_NO_PIC = NO;
				GCC_NO_COMMON_BLOCKS = YES;
				GCC_OPTIMIZATION_LEVEL = 0;
				GCC_PREPROCESSOR_DEFINITIONS = (
					"DEBUG=1",
					"$(inherited)",
				);
				GCC_WARN_64_TO_32_BIT_CONVERSION = YES;
				GCC_WARN_ABOUT_RETURN_TYPE = YES_ERROR;
				GCC_WARN_UNDECLARED_SELECTOR = YES;
				GCC_WARN_UNINITIALIZED_AUTOS = YES_AGGRESSIVE;
				GCC_WARN_UNUSED_FUNCTION = YES;
				GCC_WARN_UNUSED_VARIABLE = YES;
				IPHONEOS_DEPLOYMENT_TARGET = 14.0;
				MTL_ENABLE_DEBUG_INFO = INCLUDE_SOURCE;
				MTL_FAST_MATH = YES;
				ONLY_ACTIVE_ARCH = YES;
				SDKROOT = iphoneos;
				SWIFT_ACTIVE_COMPILATION_CONDITIONS = DEBUG;
				SWIFT_OPTIMIZATION_LEVEL = "-Onone";
			};
			name = Debug;
		};
		01F6E9832925C6D700770A4A /* Release */ = {
			isa = XCBuildConfiguration;
			buildSettings = {
				ALWAYS_SEARCH_USER_PATHS = NO;
				CLANG_ANALYZER_NONNULL = YES;
				CLANG_ANALYZER_NUMBER_OBJECT_CONVERSION = YES_AGGRESSIVE;
				CLANG_CXX_LANGUAGE_STANDARD = "gnu++20";
				CLANG_ENABLE_MODULES = YES;
				CLANG_ENABLE_OBJC_ARC = YES;
				CLANG_ENABLE_OBJC_WEAK = YES;
				CLANG_WARN_BLOCK_CAPTURE_AUTORELEASING = YES;
				CLANG_WARN_BOOL_CONVERSION = YES;
				CLANG_WARN_COMMA = YES;
				CLANG_WARN_CONSTANT_CONVERSION = YES;
				CLANG_WARN_DEPRECATED_OBJC_IMPLEMENTATIONS = YES;
				CLANG_WARN_DIRECT_OBJC_ISA_USAGE = YES_ERROR;
				CLANG_WARN_DOCUMENTATION_COMMENTS = YES;
				CLANG_WARN_EMPTY_BODY = YES;
				CLANG_WARN_ENUM_CONVERSION = YES;
				CLANG_WARN_INFINITE_RECURSION = YES;
				CLANG_WARN_INT_CONVERSION = YES;
				CLANG_WARN_NON_LITERAL_NULL_CONVERSION = YES;
				CLANG_WARN_OBJC_IMPLICIT_RETAIN_SELF = YES;
				CLANG_WARN_OBJC_LITERAL_CONVERSION = YES;
				CLANG_WARN_OBJC_ROOT_CLASS = YES_ERROR;
				CLANG_WARN_QUOTED_INCLUDE_IN_FRAMEWORK_HEADER = YES;
				CLANG_WARN_RANGE_LOOP_ANALYSIS = YES;
				CLANG_WARN_STRICT_PROTOTYPES = YES;
				CLANG_WARN_SUSPICIOUS_MOVE = YES;
				CLANG_WARN_UNGUARDED_AVAILABILITY = YES_AGGRESSIVE;
				CLANG_WARN_UNREACHABLE_CODE = YES;
				CLANG_WARN__DUPLICATE_METHOD_MATCH = YES;
				COPY_PHASE_STRIP = NO;
				DEBUG_INFORMATION_FORMAT = "dwarf-with-dsym";
				ENABLE_NS_ASSERTIONS = NO;
				ENABLE_STRICT_OBJC_MSGSEND = YES;
				GCC_C_LANGUAGE_STANDARD = gnu11;
				GCC_NO_COMMON_BLOCKS = YES;
				GCC_WARN_64_TO_32_BIT_CONVERSION = YES;
				GCC_WARN_ABOUT_RETURN_TYPE = YES_ERROR;
				GCC_WARN_UNDECLARED_SELECTOR = YES;
				GCC_WARN_UNINITIALIZED_AUTOS = YES_AGGRESSIVE;
				GCC_WARN_UNUSED_FUNCTION = YES;
				GCC_WARN_UNUSED_VARIABLE = YES;
				IPHONEOS_DEPLOYMENT_TARGET = 14.0;
				MTL_ENABLE_DEBUG_INFO = NO;
				MTL_FAST_MATH = YES;
				SDKROOT = iphoneos;
				SWIFT_COMPILATION_MODE = wholemodule;
				SWIFT_OPTIMIZATION_LEVEL = "-O";
				VALIDATE_PRODUCT = YES;
			};
			name = Release;
		};
		01F6E9852925C6D700770A4A /* Debug */ = {
			isa = XCBuildConfiguration;
			buildSettings = {
				ASSETCATALOG_COMPILER_APPICON_NAME = AppIcon;
				ASSETCATALOG_COMPILER_GLOBAL_ACCENT_COLOR_NAME = AccentColor;
				CODE_SIGN_STYLE = Automatic;
				CURRENT_PROJECT_VERSION = 1;
				DEVELOPMENT_TEAM = WB3J5J4ZWS;
				GENERATE_INFOPLIST_FILE = YES;
				INFOPLIST_FILE = BoxOffice/Resource/Info.plist;
				INFOPLIST_KEY_UIApplicationSupportsIndirectInputEvents = YES;
				INFOPLIST_KEY_UILaunchStoryboardName = LaunchScreen;
				INFOPLIST_KEY_UIMainStoryboardFile = "";
				INFOPLIST_KEY_UISupportedInterfaceOrientations_iPad = "UIInterfaceOrientationPortrait UIInterfaceOrientationPortraitUpsideDown UIInterfaceOrientationLandscapeLeft UIInterfaceOrientationLandscapeRight";
				INFOPLIST_KEY_UISupportedInterfaceOrientations_iPhone = "UIInterfaceOrientationPortrait UIInterfaceOrientationLandscapeLeft UIInterfaceOrientationLandscapeRight";
				IPHONEOS_DEPLOYMENT_TARGET = 14.0;
				LD_RUNPATH_SEARCH_PATHS = (
					"$(inherited)",
					"@executable_path/Frameworks",
				);
				MARKETING_VERSION = 1.0;
				PRODUCT_BUNDLE_IDENTIFIER = com.rae.BoxOffice;
				PRODUCT_NAME = "$(TARGET_NAME)";
				SUPPORTED_PLATFORMS = "iphoneos iphonesimulator";
				SUPPORTS_MACCATALYST = NO;
				SUPPORTS_MAC_DESIGNED_FOR_IPHONE_IPAD = NO;
				SWIFT_EMIT_LOC_STRINGS = YES;
				SWIFT_VERSION = 5.0;
				TARGETED_DEVICE_FAMILY = 1;
			};
			name = Debug;
		};
		01F6E9862925C6D700770A4A /* Release */ = {
			isa = XCBuildConfiguration;
			buildSettings = {
				ASSETCATALOG_COMPILER_APPICON_NAME = AppIcon;
				ASSETCATALOG_COMPILER_GLOBAL_ACCENT_COLOR_NAME = AccentColor;
				CODE_SIGN_STYLE = Automatic;
				CURRENT_PROJECT_VERSION = 1;
				DEVELOPMENT_TEAM = WB3J5J4ZWS;
				GENERATE_INFOPLIST_FILE = YES;
				INFOPLIST_FILE = BoxOffice/Resource/Info.plist;
				INFOPLIST_KEY_UIApplicationSupportsIndirectInputEvents = YES;
				INFOPLIST_KEY_UILaunchStoryboardName = LaunchScreen;
				INFOPLIST_KEY_UIMainStoryboardFile = "";
				INFOPLIST_KEY_UISupportedInterfaceOrientations_iPad = "UIInterfaceOrientationPortrait UIInterfaceOrientationPortraitUpsideDown UIInterfaceOrientationLandscapeLeft UIInterfaceOrientationLandscapeRight";
				INFOPLIST_KEY_UISupportedInterfaceOrientations_iPhone = "UIInterfaceOrientationPortrait UIInterfaceOrientationLandscapeLeft UIInterfaceOrientationLandscapeRight";
				IPHONEOS_DEPLOYMENT_TARGET = 14.0;
				LD_RUNPATH_SEARCH_PATHS = (
					"$(inherited)",
					"@executable_path/Frameworks",
				);
				MARKETING_VERSION = 1.0;
				PRODUCT_BUNDLE_IDENTIFIER = com.rae.BoxOffice;
				PRODUCT_NAME = "$(TARGET_NAME)";
				SUPPORTED_PLATFORMS = "iphoneos iphonesimulator";
				SUPPORTS_MACCATALYST = NO;
				SUPPORTS_MAC_DESIGNED_FOR_IPHONE_IPAD = NO;
				SWIFT_EMIT_LOC_STRINGS = YES;
				SWIFT_VERSION = 5.0;
				TARGETED_DEVICE_FAMILY = 1;
			};
			name = Release;
		};
/* End XCBuildConfiguration section */

/* Begin XCConfigurationList section */
		01F6E96B2925C6D500770A4A /* Build configuration list for PBXProject "BoxOffice" */ = {
			isa = XCConfigurationList;
			buildConfigurations = (
				01F6E9822925C6D700770A4A /* Debug */,
				01F6E9832925C6D700770A4A /* Release */,
			);
			defaultConfigurationIsVisible = 0;
			defaultConfigurationName = Release;
		};
		01F6E9842925C6D700770A4A /* Build configuration list for PBXNativeTarget "BoxOffice" */ = {
			isa = XCConfigurationList;
			buildConfigurations = (
				01F6E9852925C6D700770A4A /* Debug */,
				01F6E9862925C6D700770A4A /* Release */,
			);
			defaultConfigurationIsVisible = 0;
			defaultConfigurationName = Release;
		};
/* End XCConfigurationList section */
	};
	rootObject = 01F6E9682925C6D500770A4A /* Project object */;
}
