// !$*UTF8*$!
{
	archiveVersion = 1;
	classes = {
	};
	objectVersion = 56;
	objects = {

/* Begin PBXBuildFile section */
		01904893292E505D003B5FD0 /* MoviesRepository.swift in Sources */ = {isa = PBXBuildFile; fileRef = 01904892292E505D003B5FD0 /* MoviesRepository.swift */; };
		0190489A292E7CAB003B5FD0 /* MovieDetail.swift in Sources */ = {isa = PBXBuildFile; fileRef = 01904899292E7CAB003B5FD0 /* MovieDetail.swift */; };
		0190489C292E7E23003B5FD0 /* Movie.swift in Sources */ = {isa = PBXBuildFile; fileRef = 0190489B292E7E23003B5FD0 /* Movie.swift */; };
		0190489E292E7F50003B5FD0 /* Tmdb.swift in Sources */ = {isa = PBXBuildFile; fileRef = 0190489D292E7F50003B5FD0 /* Tmdb.swift */; };
		019048A0292EFC4E003B5FD0 /* PosterImagesRepository.swift in Sources */ = {isa = PBXBuildFile; fileRef = 0190489F292EFC4E003B5FD0 /* PosterImagesRepository.swift */; };
		019048A2292F4F7F003B5FD0 /* DefaultMoviesRepository.swift in Sources */ = {isa = PBXBuildFile; fileRef = 019048A1292F4F7F003B5FD0 /* DefaultMoviesRepository.swift */; };
		019048A6292F51CD003B5FD0 /* NetworkService.swift in Sources */ = {isa = PBXBuildFile; fileRef = 019048A5292F51CD003B5FD0 /* NetworkService.swift */; };
		019048AA292F6726003B5FD0 /* DailyMoviesResponseDTO+Mapping.swift in Sources */ = {isa = PBXBuildFile; fileRef = 019048A9292F6726003B5FD0 /* DailyMoviesResponseDTO+Mapping.swift */; };
		019048AC292F6977003B5FD0 /* WeeklyMoviesResponseDTO+Mapping.swift in Sources */ = {isa = PBXBuildFile; fileRef = 019048AB292F6977003B5FD0 /* WeeklyMoviesResponseDTO+Mapping.swift */; };
		019048AE292F6B40003B5FD0 /* MovieDetailResponseDTO+Mapping.swift in Sources */ = {isa = PBXBuildFile; fileRef = 019048AD292F6B40003B5FD0 /* MovieDetailResponseDTO+Mapping.swift */; };
		019048B1292F6FFD003B5FD0 /* MoviePosterResponseDTO+Mapping.swift in Sources */ = {isa = PBXBuildFile; fileRef = 019048B0292F6FFD003B5FD0 /* MoviePosterResponseDTO+Mapping.swift */; };
		0198069F29290A35004639A0 /* TmdbAPI.swift in Sources */ = {isa = PBXBuildFile; fileRef = 0198069E29290A35004639A0 /* TmdbAPI.swift */; };
		019806A129290A5D004639A0 /* TargetType.swift in Sources */ = {isa = PBXBuildFile; fileRef = 019806A029290A5D004639A0 /* TargetType.swift */; };
		019806B1292B9C99004639A0 /* Date+Extension.swift in Sources */ = {isa = PBXBuildFile; fileRef = 019806B0292B9C99004639A0 /* Date+Extension.swift */; };
		01AE58522925F76400B409D8 /* KobisAPI.swift in Sources */ = {isa = PBXBuildFile; fileRef = 01AE58512925F76400B409D8 /* KobisAPI.swift */; };
		01AE58562925F7A400B409D8 /* Secrets.swift in Sources */ = {isa = PBXBuildFile; fileRef = 01AE58552925F7A400B409D8 /* Secrets.swift */; };
		01AE586029261BD700B409D8 /* MovieListCollectionViewCell.swift in Sources */ = {isa = PBXBuildFile; fileRef = 01AE585F29261BD700B409D8 /* MovieListCollectionViewCell.swift */; };
		01AE586229262BC300B409D8 /* MovieListTableViewCell.swift in Sources */ = {isa = PBXBuildFile; fileRef = 01AE586129262BC300B409D8 /* MovieListTableViewCell.swift */; };
		01AE58642926388F00B409D8 /* MovieListMenuButton.swift in Sources */ = {isa = PBXBuildFile; fileRef = 01AE58632926388F00B409D8 /* MovieListMenuButton.swift */; };
		01D807C1292CC26700B12962 /* MoviePosterNewLabelView.swift in Sources */ = {isa = PBXBuildFile; fileRef = 01D807C0292CC26700B12962 /* MoviePosterNewLabelView.swift */; };
		01D807C5292CFC7C00B12962 /* NetworkImageService.swift in Sources */ = {isa = PBXBuildFile; fileRef = 01D807C4292CFC7C00B12962 /* NetworkImageService.swift */; };
		01E9A03F292F903900962F7C /* MovieListItemViewModel.swift in Sources */ = {isa = PBXBuildFile; fileRef = 01E9A03E292F903900962F7C /* MovieListItemViewModel.swift */; };
		01E9A041292F904100962F7C /* MovieListViewModel.swift in Sources */ = {isa = PBXBuildFile; fileRef = 01E9A040292F904100962F7C /* MovieListViewModel.swift */; };
		01E9A046292FC52200962F7C /* MovieListButtonStackView.swift in Sources */ = {isa = PBXBuildFile; fileRef = 01E9A045292FC52200962F7C /* MovieListButtonStackView.swift */; };
		01E9A04A2930ADE700962F7C /* DefaultPosterImagesRepository.swift in Sources */ = {isa = PBXBuildFile; fileRef = 01E9A0492930ADE700962F7C /* DefaultPosterImagesRepository.swift */; };
		01E9A04E2930E81C00962F7C /* UIViewController+Extension.swift in Sources */ = {isa = PBXBuildFile; fileRef = 01E9A04D2930E81C00962F7C /* UIViewController+Extension.swift */; };
		01E9A0502931DCBE00962F7C /* MovieDetailViewController.swift in Sources */ = {isa = PBXBuildFile; fileRef = 01E9A04F2931DCBE00962F7C /* MovieDetailViewController.swift */; };
		01E9A0522931DCEC00962F7C /* MovieDetailViewModel.swift in Sources */ = {isa = PBXBuildFile; fileRef = 01E9A0512931DCEC00962F7C /* MovieDetailViewModel.swift */; };
		01E9A0562931E7EA00962F7C /* MovieDetailItemViewModel.swift in Sources */ = {isa = PBXBuildFile; fileRef = 01E9A0552931E7EA00962F7C /* MovieDetailItemViewModel.swift */; };
		01E9A0592932010900962F7C /* MoviePosterView.swift in Sources */ = {isa = PBXBuildFile; fileRef = 01E9A0582932010900962F7C /* MoviePosterView.swift */; };
		01E9A05B29325A1700962F7C /* MovieBackdropView.swift in Sources */ = {isa = PBXBuildFile; fileRef = 01E9A05A29325A1700962F7C /* MovieBackdropView.swift */; };
		01F6E9742925C6D500770A4A /* AppDelegate.swift in Sources */ = {isa = PBXBuildFile; fileRef = 01F6E9732925C6D500770A4A /* AppDelegate.swift */; };
		01F6E9762925C6D500770A4A /* SceneDelegate.swift in Sources */ = {isa = PBXBuildFile; fileRef = 01F6E9752925C6D500770A4A /* SceneDelegate.swift */; };
		01F6E9782925C6D500770A4A /* MovieListViewController.swift in Sources */ = {isa = PBXBuildFile; fileRef = 01F6E9772925C6D500770A4A /* MovieListViewController.swift */; };
		01F6E97D2925C6D700770A4A /* Assets.xcassets in Resources */ = {isa = PBXBuildFile; fileRef = 01F6E97C2925C6D700770A4A /* Assets.xcassets */; };
		01F6E9802925C6D700770A4A /* LaunchScreen.storyboard in Resources */ = {isa = PBXBuildFile; fileRef = 01F6E97E2925C6D700770A4A /* LaunchScreen.storyboard */; };
/* End PBXBuildFile section */

/* Begin PBXFileReference section */
		01904892292E505D003B5FD0 /* MoviesRepository.swift */ = {isa = PBXFileReference; lastKnownFileType = sourcecode.swift; path = MoviesRepository.swift; sourceTree = "<group>"; };
		01904899292E7CAB003B5FD0 /* MovieDetail.swift */ = {isa = PBXFileReference; lastKnownFileType = sourcecode.swift; path = MovieDetail.swift; sourceTree = "<group>"; };
		0190489B292E7E23003B5FD0 /* Movie.swift */ = {isa = PBXFileReference; lastKnownFileType = sourcecode.swift; path = Movie.swift; sourceTree = "<group>"; };
		0190489D292E7F50003B5FD0 /* Tmdb.swift */ = {isa = PBXFileReference; lastKnownFileType = sourcecode.swift; path = Tmdb.swift; sourceTree = "<group>"; };
		0190489F292EFC4E003B5FD0 /* PosterImagesRepository.swift */ = {isa = PBXFileReference; lastKnownFileType = sourcecode.swift; path = PosterImagesRepository.swift; sourceTree = "<group>"; };
		019048A1292F4F7F003B5FD0 /* DefaultMoviesRepository.swift */ = {isa = PBXFileReference; lastKnownFileType = sourcecode.swift; path = DefaultMoviesRepository.swift; sourceTree = "<group>"; };
		019048A5292F51CD003B5FD0 /* NetworkService.swift */ = {isa = PBXFileReference; lastKnownFileType = sourcecode.swift; path = NetworkService.swift; sourceTree = "<group>"; };
		019048A9292F6726003B5FD0 /* DailyMoviesResponseDTO+Mapping.swift */ = {isa = PBXFileReference; lastKnownFileType = sourcecode.swift; path = "DailyMoviesResponseDTO+Mapping.swift"; sourceTree = "<group>"; };
		019048AB292F6977003B5FD0 /* WeeklyMoviesResponseDTO+Mapping.swift */ = {isa = PBXFileReference; lastKnownFileType = sourcecode.swift; path = "WeeklyMoviesResponseDTO+Mapping.swift"; sourceTree = "<group>"; };
		019048AD292F6B40003B5FD0 /* MovieDetailResponseDTO+Mapping.swift */ = {isa = PBXFileReference; lastKnownFileType = sourcecode.swift; path = "MovieDetailResponseDTO+Mapping.swift"; sourceTree = "<group>"; };
		019048B0292F6FFD003B5FD0 /* MoviePosterResponseDTO+Mapping.swift */ = {isa = PBXFileReference; lastKnownFileType = sourcecode.swift; path = "MoviePosterResponseDTO+Mapping.swift"; sourceTree = "<group>"; };
		0198069E29290A35004639A0 /* TmdbAPI.swift */ = {isa = PBXFileReference; lastKnownFileType = sourcecode.swift; path = TmdbAPI.swift; sourceTree = "<group>"; };
		019806A029290A5D004639A0 /* TargetType.swift */ = {isa = PBXFileReference; lastKnownFileType = sourcecode.swift; path = TargetType.swift; sourceTree = "<group>"; };
		019806B0292B9C99004639A0 /* Date+Extension.swift */ = {isa = PBXFileReference; lastKnownFileType = sourcecode.swift; path = "Date+Extension.swift"; sourceTree = "<group>"; };
		01AE58512925F76400B409D8 /* KobisAPI.swift */ = {isa = PBXFileReference; lastKnownFileType = sourcecode.swift; path = KobisAPI.swift; sourceTree = "<group>"; };
		01AE58552925F7A400B409D8 /* Secrets.swift */ = {isa = PBXFileReference; lastKnownFileType = sourcecode.swift; path = Secrets.swift; sourceTree = "<group>"; };
		01AE585F29261BD700B409D8 /* MovieListCollectionViewCell.swift */ = {isa = PBXFileReference; lastKnownFileType = sourcecode.swift; path = MovieListCollectionViewCell.swift; sourceTree = "<group>"; };
		01AE586129262BC300B409D8 /* MovieListTableViewCell.swift */ = {isa = PBXFileReference; lastKnownFileType = sourcecode.swift; path = MovieListTableViewCell.swift; sourceTree = "<group>"; };
		01AE58632926388F00B409D8 /* MovieListMenuButton.swift */ = {isa = PBXFileReference; lastKnownFileType = sourcecode.swift; path = MovieListMenuButton.swift; sourceTree = "<group>"; };
		01D807C0292CC26700B12962 /* MoviePosterNewLabelView.swift */ = {isa = PBXFileReference; lastKnownFileType = sourcecode.swift; path = MoviePosterNewLabelView.swift; sourceTree = "<group>"; };
		01D807C4292CFC7C00B12962 /* NetworkImageService.swift */ = {isa = PBXFileReference; lastKnownFileType = sourcecode.swift; path = NetworkImageService.swift; sourceTree = "<group>"; };
		01E9A03E292F903900962F7C /* MovieListItemViewModel.swift */ = {isa = PBXFileReference; lastKnownFileType = sourcecode.swift; path = MovieListItemViewModel.swift; sourceTree = "<group>"; };
		01E9A040292F904100962F7C /* MovieListViewModel.swift */ = {isa = PBXFileReference; lastKnownFileType = sourcecode.swift; path = MovieListViewModel.swift; sourceTree = "<group>"; };
		01E9A045292FC52200962F7C /* MovieListButtonStackView.swift */ = {isa = PBXFileReference; lastKnownFileType = sourcecode.swift; path = MovieListButtonStackView.swift; sourceTree = "<group>"; };
		01E9A0492930ADE700962F7C /* DefaultPosterImagesRepository.swift */ = {isa = PBXFileReference; lastKnownFileType = sourcecode.swift; path = DefaultPosterImagesRepository.swift; sourceTree = "<group>"; };
		01E9A04D2930E81C00962F7C /* UIViewController+Extension.swift */ = {isa = PBXFileReference; lastKnownFileType = sourcecode.swift; path = "UIViewController+Extension.swift"; sourceTree = "<group>"; };
		01E9A04F2931DCBE00962F7C /* MovieDetailViewController.swift */ = {isa = PBXFileReference; lastKnownFileType = sourcecode.swift; path = MovieDetailViewController.swift; sourceTree = "<group>"; };
		01E9A0512931DCEC00962F7C /* MovieDetailViewModel.swift */ = {isa = PBXFileReference; lastKnownFileType = sourcecode.swift; path = MovieDetailViewModel.swift; sourceTree = "<group>"; };
		01E9A0552931E7EA00962F7C /* MovieDetailItemViewModel.swift */ = {isa = PBXFileReference; lastKnownFileType = sourcecode.swift; path = MovieDetailItemViewModel.swift; sourceTree = "<group>"; };
		01E9A0582932010900962F7C /* MoviePosterView.swift */ = {isa = PBXFileReference; lastKnownFileType = sourcecode.swift; path = MoviePosterView.swift; sourceTree = "<group>"; };
		01E9A05A29325A1700962F7C /* MovieBackdropView.swift */ = {isa = PBXFileReference; lastKnownFileType = sourcecode.swift; path = MovieBackdropView.swift; sourceTree = "<group>"; };
		01F6E9702925C6D500770A4A /* BoxOffice.app */ = {isa = PBXFileReference; explicitFileType = wrapper.application; includeInIndex = 0; path = BoxOffice.app; sourceTree = BUILT_PRODUCTS_DIR; };
		01F6E9732925C6D500770A4A /* AppDelegate.swift */ = {isa = PBXFileReference; lastKnownFileType = sourcecode.swift; path = AppDelegate.swift; sourceTree = "<group>"; };
		01F6E9752925C6D500770A4A /* SceneDelegate.swift */ = {isa = PBXFileReference; lastKnownFileType = sourcecode.swift; path = SceneDelegate.swift; sourceTree = "<group>"; };
		01F6E9772925C6D500770A4A /* MovieListViewController.swift */ = {isa = PBXFileReference; lastKnownFileType = sourcecode.swift; path = MovieListViewController.swift; sourceTree = "<group>"; };
		01F6E97C2925C6D700770A4A /* Assets.xcassets */ = {isa = PBXFileReference; lastKnownFileType = folder.assetcatalog; path = Assets.xcassets; sourceTree = "<group>"; };
		01F6E97F2925C6D700770A4A /* Base */ = {isa = PBXFileReference; lastKnownFileType = file.storyboard; name = Base; path = Base.lproj/LaunchScreen.storyboard; sourceTree = "<group>"; };
		01F6E9812925C6D700770A4A /* Info.plist */ = {isa = PBXFileReference; lastKnownFileType = text.plist.xml; path = Info.plist; sourceTree = "<group>"; };
/* End PBXFileReference section */

/* Begin PBXFrameworksBuildPhase section */
		01F6E96D2925C6D500770A4A /* Frameworks */ = {
			isa = PBXFrameworksBuildPhase;
			buildActionMask = 2147483647;
			files = (
			);
			runOnlyForDeploymentPostprocessing = 0;
		};
/* End PBXFrameworksBuildPhase section */

/* Begin PBXGroup section */
		01904889292E4B06003B5FD0 /* Presentation */ = {
			isa = PBXGroup;
			children = (
				0190488E292E4B5D003B5FD0 /* MovieDetail */,
				0190488D292E4B58003B5FD0 /* MovieList */,
			);
			path = Presentation;
			sourceTree = "<group>";
		};
		0190488A292E4B16003B5FD0 /* Domain */ = {
			isa = PBXGroup;
			children = (
				01904898292E5E43003B5FD0 /* Entities */,
				01904890292E5038003B5FD0 /* Interfaces */,
				01E9A042292F939300962F7C /* UseCases */,
			);
			path = Domain;
			sourceTree = "<group>";
		};
		0190488B292E4B1A003B5FD0 /* Data */ = {
			isa = PBXGroup;
			children = (
				019048A7292F66F6003B5FD0 /* Network */,
				0190488F292E4FDA003B5FD0 /* Repositories */,
			);
			path = Data;
			sourceTree = "<group>";
		};
		0190488D292E4B58003B5FD0 /* MovieList */ = {
			isa = PBXGroup;
			children = (
				01904894292E5E17003B5FD0 /* View */,
				01904895292E5E1C003B5FD0 /* ViewModel */,
			);
			path = MovieList;
			sourceTree = "<group>";
		};
		0190488E292E4B5D003B5FD0 /* MovieDetail */ = {
			isa = PBXGroup;
			children = (
				01E9A0532931E7D100962F7C /* View */,
				01E9A0542931E7D600962F7C /* ViewModel */,
			);
			path = MovieDetail;
			sourceTree = "<group>";
		};
		0190488F292E4FDA003B5FD0 /* Repositories */ = {
			isa = PBXGroup;
			children = (
				019048A1292F4F7F003B5FD0 /* DefaultMoviesRepository.swift */,
				01E9A0492930ADE700962F7C /* DefaultPosterImagesRepository.swift */,
			);
			path = Repositories;
			sourceTree = "<group>";
		};
		01904890292E5038003B5FD0 /* Interfaces */ = {
			isa = PBXGroup;
			children = (
				01904891292E504B003B5FD0 /* Repositories */,
			);
			path = Interfaces;
			sourceTree = "<group>";
		};
		01904891292E504B003B5FD0 /* Repositories */ = {
			isa = PBXGroup;
			children = (
				01904892292E505D003B5FD0 /* MoviesRepository.swift */,
				0190489F292EFC4E003B5FD0 /* PosterImagesRepository.swift */,
			);
			path = Repositories;
			sourceTree = "<group>";
		};
		01904894292E5E17003B5FD0 /* View */ = {
			isa = PBXGroup;
			children = (
				01E9A045292FC52200962F7C /* MovieListButtonStackView.swift */,
				01AE58632926388F00B409D8 /* MovieListMenuButton.swift */,
				01F6E9772925C6D500770A4A /* MovieListViewController.swift */,
				01D807C0292CC26700B12962 /* MoviePosterNewLabelView.swift */,
				01E9A0582932010900962F7C /* MoviePosterView.swift */,
				01E9A0472930A2F600962F7C /* Cells */,
			);
			path = View;
			sourceTree = "<group>";
		};
		01904895292E5E1C003B5FD0 /* ViewModel */ = {
			isa = PBXGroup;
			children = (
				01E9A03E292F903900962F7C /* MovieListItemViewModel.swift */,
				01E9A040292F904100962F7C /* MovieListViewModel.swift */,
			);
			path = ViewModel;
			sourceTree = "<group>";
		};
		01904898292E5E43003B5FD0 /* Entities */ = {
			isa = PBXGroup;
			children = (
				0190489B292E7E23003B5FD0 /* Movie.swift */,
				01904899292E7CAB003B5FD0 /* MovieDetail.swift */,
				0190489D292E7F50003B5FD0 /* Tmdb.swift */,
			);
			path = Entities;
			sourceTree = "<group>";
		};
		019048A3292F51AE003B5FD0 /* Infrastructure */ = {
			isa = PBXGroup;
			children = (
				019048A4292F51B7003B5FD0 /* Network */,
			);
			path = Infrastructure;
			sourceTree = "<group>";
		};
		019048A4292F51B7003B5FD0 /* Network */ = {
			isa = PBXGroup;
			children = (
				01AE58512925F76400B409D8 /* KobisAPI.swift */,
				01D807C4292CFC7C00B12962 /* NetworkImageService.swift */,
				019048A5292F51CD003B5FD0 /* NetworkService.swift */,
				01AE58552925F7A400B409D8 /* Secrets.swift */,
				019806A029290A5D004639A0 /* TargetType.swift */,
				0198069E29290A35004639A0 /* TmdbAPI.swift */,
			);
			path = Network;
			sourceTree = "<group>";
		};
		019048A7292F66F6003B5FD0 /* Network */ = {
			isa = PBXGroup;
			children = (
				019048A8292F6706003B5FD0 /* DataMapping */,
			);
			path = Network;
			sourceTree = "<group>";
		};
		019048A8292F6706003B5FD0 /* DataMapping */ = {
			isa = PBXGroup;
			children = (
				019048A9292F6726003B5FD0 /* DailyMoviesResponseDTO+Mapping.swift */,
				019048AB292F6977003B5FD0 /* WeeklyMoviesResponseDTO+Mapping.swift */,
				019048AD292F6B40003B5FD0 /* MovieDetailResponseDTO+Mapping.swift */,
				019048B0292F6FFD003B5FD0 /* MoviePosterResponseDTO+Mapping.swift */,
			);
			path = DataMapping;
			sourceTree = "<group>";
		};
		019806AF292B9C8C004639A0 /* Extension */ = {
			isa = PBXGroup;
			children = (
				019806B0292B9C99004639A0 /* Date+Extension.swift */,
				01E9A04D2930E81C00962F7C /* UIViewController+Extension.swift */,
			);
			name = Extension;
			sourceTree = "<group>";
		};
		01AE584A2925C94E00B409D8 /* Application */ = {
			isa = PBXGroup;
			children = (
				01F6E9732925C6D500770A4A /* AppDelegate.swift */,
				01F6E9752925C6D500770A4A /* SceneDelegate.swift */,
			);
			path = Application;
			sourceTree = "<group>";
		};
		01AE584B2925C9E600B409D8 /* Resource */ = {
			isa = PBXGroup;
			children = (
				01F6E97C2925C6D700770A4A /* Assets.xcassets */,
				01F6E97E2925C6D700770A4A /* LaunchScreen.storyboard */,
				01F6E9812925C6D700770A4A /* Info.plist */,
			);
			path = Resource;
			sourceTree = "<group>";
		};
		01E9A042292F939300962F7C /* UseCases */ = {
			isa = PBXGroup;
			children = (
			);
			path = UseCases;
			sourceTree = "<group>";
		};
		01E9A0472930A2F600962F7C /* Cells */ = {
			isa = PBXGroup;
			children = (
				01AE585F29261BD700B409D8 /* MovieListCollectionViewCell.swift */,
				01AE586129262BC300B409D8 /* MovieListTableViewCell.swift */,
			);
			path = Cells;
			sourceTree = "<group>";
		};
		01E9A0532931E7D100962F7C /* View */ = {
			isa = PBXGroup;
			children = (
				01E9A04F2931DCBE00962F7C /* MovieDetailViewController.swift */,
				01E9A05A29325A1700962F7C /* MovieBackdropView.swift */,
			);
			path = View;
			sourceTree = "<group>";
		};
		01E9A0542931E7D600962F7C /* ViewModel */ = {
			isa = PBXGroup;
			children = (
				01E9A0552931E7EA00962F7C /* MovieDetailItemViewModel.swift */,
				01E9A0512931DCEC00962F7C /* MovieDetailViewModel.swift */,
			);
			path = ViewModel;
			sourceTree = "<group>";
		};
		01F6E9672925C6D500770A4A = {
			isa = PBXGroup;
			children = (
				01F6E9722925C6D500770A4A /* BoxOffice */,
				01F6E9712925C6D500770A4A /* Products */,
			);
			sourceTree = "<group>";
		};
		01F6E9712925C6D500770A4A /* Products */ = {
			isa = PBXGroup;
			children = (
				01F6E9702925C6D500770A4A /* BoxOffice.app */,
			);
			name = Products;
			sourceTree = "<group>";
		};
		01F6E9722925C6D500770A4A /* BoxOffice */ = {
			isa = PBXGroup;
			children = (
				01AE584A2925C94E00B409D8 /* Application */,
				0190488B292E4B1A003B5FD0 /* Data */,
				0190488A292E4B16003B5FD0 /* Domain */,
				019806AF292B9C8C004639A0 /* Extension */,
				019048A3292F51AE003B5FD0 /* Infrastructure */,
				01904889292E4B06003B5FD0 /* Presentation */,
				01AE584B2925C9E600B409D8 /* Resource */,
			);
			path = BoxOffice;
			sourceTree = "<group>";
		};
/* End PBXGroup section */

/* Begin PBXNativeTarget section */
		01F6E96F2925C6D500770A4A /* BoxOffice */ = {
			isa = PBXNativeTarget;
			buildConfigurationList = 01F6E9842925C6D700770A4A /* Build configuration list for PBXNativeTarget "BoxOffice" */;
			buildPhases = (
				01F6E96C2925C6D500770A4A /* Sources */,
				01F6E96D2925C6D500770A4A /* Frameworks */,
				01F6E96E2925C6D500770A4A /* Resources */,
			);
			buildRules = (
			);
			dependencies = (
			);
			name = BoxOffice;
			productName = BoxOffice;
			productReference = 01F6E9702925C6D500770A4A /* BoxOffice.app */;
			productType = "com.apple.product-type.application";
		};
/* End PBXNativeTarget section */

/* Begin PBXProject section */
		01F6E9682925C6D500770A4A /* Project object */ = {
			isa = PBXProject;
			attributes = {
				BuildIndependentTargetsInParallel = 1;
				LastSwiftUpdateCheck = 1410;
				LastUpgradeCheck = 1410;
				TargetAttributes = {
					01F6E96F2925C6D500770A4A = {
						CreatedOnToolsVersion = 14.1;
					};
				};
			};
			buildConfigurationList = 01F6E96B2925C6D500770A4A /* Build configuration list for PBXProject "BoxOffice" */;
			compatibilityVersion = "Xcode 14.0";
			developmentRegion = en;
			hasScannedForEncodings = 0;
			knownRegions = (
				en,
				Base,
			);
			mainGroup = 01F6E9672925C6D500770A4A;
			productRefGroup = 01F6E9712925C6D500770A4A /* Products */;
			projectDirPath = "";
			projectRoot = "";
			targets = (
				01F6E96F2925C6D500770A4A /* BoxOffice */,
			);
		};
/* End PBXProject section */

/* Begin PBXResourcesBuildPhase section */
		01F6E96E2925C6D500770A4A /* Resources */ = {
			isa = PBXResourcesBuildPhase;
			buildActionMask = 2147483647;
			files = (
				01F6E9802925C6D700770A4A /* LaunchScreen.storyboard in Resources */,
				01F6E97D2925C6D700770A4A /* Assets.xcassets in Resources */,
			);
			runOnlyForDeploymentPostprocessing = 0;
		};
/* End PBXResourcesBuildPhase section */

/* Begin PBXSourcesBuildPhase section */
		01F6E96C2925C6D500770A4A /* Sources */ = {
			isa = PBXSourcesBuildPhase;
			buildActionMask = 2147483647;
			files = (
				01F6E9782925C6D500770A4A /* MovieListViewController.swift in Sources */,
				019048A0292EFC4E003B5FD0 /* PosterImagesRepository.swift in Sources */,
				01904893292E505D003B5FD0 /* MoviesRepository.swift in Sources */,
				01AE58562925F7A400B409D8 /* Secrets.swift in Sources */,
				01AE586229262BC300B409D8 /* MovieListTableViewCell.swift in Sources */,
				01E9A05B29325A1700962F7C /* MovieBackdropView.swift in Sources */,
				01E9A03F292F903900962F7C /* MovieListItemViewModel.swift in Sources */,
				019048A6292F51CD003B5FD0 /* NetworkService.swift in Sources */,
				01E9A0562931E7EA00962F7C /* MovieDetailItemViewModel.swift in Sources */,
				01AE58642926388F00B409D8 /* MovieListMenuButton.swift in Sources */,
				019048A2292F4F7F003B5FD0 /* DefaultMoviesRepository.swift in Sources */,
				01E9A0592932010900962F7C /* MoviePosterView.swift in Sources */,
				019806A129290A5D004639A0 /* TargetType.swift in Sources */,
				01E9A046292FC52200962F7C /* MovieListButtonStackView.swift in Sources */,
				019806B1292B9C99004639A0 /* Date+Extension.swift in Sources */,
				019048B1292F6FFD003B5FD0 /* MoviePosterResponseDTO+Mapping.swift in Sources */,
				01D807C5292CFC7C00B12962 /* NetworkImageService.swift in Sources */,
				0190489A292E7CAB003B5FD0 /* MovieDetail.swift in Sources */,
				01AE586029261BD700B409D8 /* MovieListCollectionViewCell.swift in Sources */,
				01E9A0502931DCBE00962F7C /* MovieDetailViewController.swift in Sources */,
				019048AC292F6977003B5FD0 /* WeeklyMoviesResponseDTO+Mapping.swift in Sources */,
				01E9A04E2930E81C00962F7C /* UIViewController+Extension.swift in Sources */,
				01F6E9742925C6D500770A4A /* AppDelegate.swift in Sources */,
				019048AA292F6726003B5FD0 /* DailyMoviesResponseDTO+Mapping.swift in Sources */,
				01E9A0522931DCEC00962F7C /* MovieDetailViewModel.swift in Sources */,
				0190489E292E7F50003B5FD0 /* Tmdb.swift in Sources */,
				01D807C1292CC26700B12962 /* MoviePosterNewLabelView.swift in Sources */,
				0190489C292E7E23003B5FD0 /* Movie.swift in Sources */,
				0198069F29290A35004639A0 /* TmdbAPI.swift in Sources */,
				01AE58522925F76400B409D8 /* KobisAPI.swift in Sources */,
				01E9A04A2930ADE700962F7C /* DefaultPosterImagesRepository.swift in Sources */,
				01F6E9762925C6D500770A4A /* SceneDelegate.swift in Sources */,
				019048AE292F6B40003B5FD0 /* MovieDetailResponseDTO+Mapping.swift in Sources */,
				01E9A041292F904100962F7C /* MovieListViewModel.swift in Sources */,
			);
			runOnlyForDeploymentPostprocessing = 0;
		};
/* End PBXSourcesBuildPhase section */

/* Begin PBXVariantGroup section */
		01F6E97E2925C6D700770A4A /* LaunchScreen.storyboard */ = {
			isa = PBXVariantGroup;
			children = (
				01F6E97F2925C6D700770A4A /* Base */,
			);
			name = LaunchScreen.storyboard;
			sourceTree = "<group>";
		};
/* End PBXVariantGroup section */

/* Begin XCBuildConfiguration section */
		01F6E9822925C6D700770A4A /* Debug */ = {
			isa = XCBuildConfiguration;
			buildSettings = {
				ALWAYS_SEARCH_USER_PATHS = NO;
				CLANG_ANALYZER_NONNULL = YES;
				CLANG_ANALYZER_NUMBER_OBJECT_CONVERSION = YES_AGGRESSIVE;
				CLANG_CXX_LANGUAGE_STANDARD = "gnu++20";
				CLANG_ENABLE_MODULES = YES;
				CLANG_ENABLE_OBJC_ARC = YES;
				CLANG_ENABLE_OBJC_WEAK = YES;
				CLANG_WARN_BLOCK_CAPTURE_AUTORELEASING = YES;
				CLANG_WARN_BOOL_CONVERSION = YES;
				CLANG_WARN_COMMA = YES;
				CLANG_WARN_CONSTANT_CONVERSION = YES;
				CLANG_WARN_DEPRECATED_OBJC_IMPLEMENTATIONS = YES;
				CLANG_WARN_DIRECT_OBJC_ISA_USAGE = YES_ERROR;
				CLANG_WARN_DOCUMENTATION_COMMENTS = YES;
				CLANG_WARN_EMPTY_BODY = YES;
				CLANG_WARN_ENUM_CONVERSION = YES;
				CLANG_WARN_INFINITE_RECURSION = YES;
				CLANG_WARN_INT_CONVERSION = YES;
				CLANG_WARN_NON_LITERAL_NULL_CONVERSION = YES;
				CLANG_WARN_OBJC_IMPLICIT_RETAIN_SELF = YES;
				CLANG_WARN_OBJC_LITERAL_CONVERSION = YES;
				CLANG_WARN_OBJC_ROOT_CLASS = YES_ERROR;
				CLANG_WARN_QUOTED_INCLUDE_IN_FRAMEWORK_HEADER = YES;
				CLANG_WARN_RANGE_LOOP_ANALYSIS = YES;
				CLANG_WARN_STRICT_PROTOTYPES = YES;
				CLANG_WARN_SUSPICIOUS_MOVE = YES;
				CLANG_WARN_UNGUARDED_AVAILABILITY = YES_AGGRESSIVE;
				CLANG_WARN_UNREACHABLE_CODE = YES;
				CLANG_WARN__DUPLICATE_METHOD_MATCH = YES;
				COPY_PHASE_STRIP = NO;
				DEBUG_INFORMATION_FORMAT = dwarf;
				ENABLE_STRICT_OBJC_MSGSEND = YES;
				ENABLE_TESTABILITY = YES;
				GCC_C_LANGUAGE_STANDARD = gnu11;
				GCC_DYNAMIC_NO_PIC = NO;
				GCC_NO_COMMON_BLOCKS = YES;
				GCC_OPTIMIZATION_LEVEL = 0;
				GCC_PREPROCESSOR_DEFINITIONS = (
					"DEBUG=1",
					"$(inherited)",
				);
				GCC_WARN_64_TO_32_BIT_CONVERSION = YES;
				GCC_WARN_ABOUT_RETURN_TYPE = YES_ERROR;
				GCC_WARN_UNDECLARED_SELECTOR = YES;
				GCC_WARN_UNINITIALIZED_AUTOS = YES_AGGRESSIVE;
				GCC_WARN_UNUSED_FUNCTION = YES;
				GCC_WARN_UNUSED_VARIABLE = YES;
				IPHONEOS_DEPLOYMENT_TARGET = 13.0;
				MTL_ENABLE_DEBUG_INFO = INCLUDE_SOURCE;
				MTL_FAST_MATH = YES;
				ONLY_ACTIVE_ARCH = YES;
				SDKROOT = iphoneos;
				SWIFT_ACTIVE_COMPILATION_CONDITIONS = DEBUG;
				SWIFT_OPTIMIZATION_LEVEL = "-Onone";
			};
			name = Debug;
		};
		01F6E9832925C6D700770A4A /* Release */ = {
			isa = XCBuildConfiguration;
			buildSettings = {
				ALWAYS_SEARCH_USER_PATHS = NO;
				CLANG_ANALYZER_NONNULL = YES;
				CLANG_ANALYZER_NUMBER_OBJECT_CONVERSION = YES_AGGRESSIVE;
				CLANG_CXX_LANGUAGE_STANDARD = "gnu++20";
				CLANG_ENABLE_MODULES = YES;
				CLANG_ENABLE_OBJC_ARC = YES;
				CLANG_ENABLE_OBJC_WEAK = YES;
				CLANG_WARN_BLOCK_CAPTURE_AUTORELEASING = YES;
				CLANG_WARN_BOOL_CONVERSION = YES;
				CLANG_WARN_COMMA = YES;
				CLANG_WARN_CONSTANT_CONVERSION = YES;
				CLANG_WARN_DEPRECATED_OBJC_IMPLEMENTATIONS = YES;
				CLANG_WARN_DIRECT_OBJC_ISA_USAGE = YES_ERROR;
				CLANG_WARN_DOCUMENTATION_COMMENTS = YES;
				CLANG_WARN_EMPTY_BODY = YES;
				CLANG_WARN_ENUM_CONVERSION = YES;
				CLANG_WARN_INFINITE_RECURSION = YES;
				CLANG_WARN_INT_CONVERSION = YES;
				CLANG_WARN_NON_LITERAL_NULL_CONVERSION = YES;
				CLANG_WARN_OBJC_IMPLICIT_RETAIN_SELF = YES;
				CLANG_WARN_OBJC_LITERAL_CONVERSION = YES;
				CLANG_WARN_OBJC_ROOT_CLASS = YES_ERROR;
				CLANG_WARN_QUOTED_INCLUDE_IN_FRAMEWORK_HEADER = YES;
				CLANG_WARN_RANGE_LOOP_ANALYSIS = YES;
				CLANG_WARN_STRICT_PROTOTYPES = YES;
				CLANG_WARN_SUSPICIOUS_MOVE = YES;
				CLANG_WARN_UNGUARDED_AVAILABILITY = YES_AGGRESSIVE;
				CLANG_WARN_UNREACHABLE_CODE = YES;
				CLANG_WARN__DUPLICATE_METHOD_MATCH = YES;
				COPY_PHASE_STRIP = NO;
				DEBUG_INFORMATION_FORMAT = "dwarf-with-dsym";
				ENABLE_NS_ASSERTIONS = NO;
				ENABLE_STRICT_OBJC_MSGSEND = YES;
				GCC_C_LANGUAGE_STANDARD = gnu11;
				GCC_NO_COMMON_BLOCKS = YES;
				GCC_WARN_64_TO_32_BIT_CONVERSION = YES;
				GCC_WARN_ABOUT_RETURN_TYPE = YES_ERROR;
				GCC_WARN_UNDECLARED_SELECTOR = YES;
				GCC_WARN_UNINITIALIZED_AUTOS = YES_AGGRESSIVE;
				GCC_WARN_UNUSED_FUNCTION = YES;
				GCC_WARN_UNUSED_VARIABLE = YES;
				IPHONEOS_DEPLOYMENT_TARGET = 13.0;
				MTL_ENABLE_DEBUG_INFO = NO;
				MTL_FAST_MATH = YES;
				SDKROOT = iphoneos;
				SWIFT_COMPILATION_MODE = wholemodule;
				SWIFT_OPTIMIZATION_LEVEL = "-O";
				VALIDATE_PRODUCT = YES;
			};
			name = Release;
		};
		01F6E9852925C6D700770A4A /* Debug */ = {
			isa = XCBuildConfiguration;
			buildSettings = {
				ASSETCATALOG_COMPILER_APPICON_NAME = AppIcon;
				ASSETCATALOG_COMPILER_GLOBAL_ACCENT_COLOR_NAME = AccentColor;
				CODE_SIGN_STYLE = Automatic;
				CURRENT_PROJECT_VERSION = 1;
				DEVELOPMENT_TEAM = WB3J5J4ZWS;
				GENERATE_INFOPLIST_FILE = YES;
				INFOPLIST_FILE = BoxOffice/Resource/Info.plist;
				INFOPLIST_KEY_UIApplicationSupportsIndirectInputEvents = YES;
				INFOPLIST_KEY_UILaunchStoryboardName = LaunchScreen;
				INFOPLIST_KEY_UIMainStoryboardFile = "";
				INFOPLIST_KEY_UISupportedInterfaceOrientations_iPad = "UIInterfaceOrientationPortrait UIInterfaceOrientationPortraitUpsideDown UIInterfaceOrientationLandscapeLeft UIInterfaceOrientationLandscapeRight";
				INFOPLIST_KEY_UISupportedInterfaceOrientations_iPhone = "UIInterfaceOrientationPortrait UIInterfaceOrientationLandscapeLeft UIInterfaceOrientationLandscapeRight";
				IPHONEOS_DEPLOYMENT_TARGET = 13.0;
				LD_RUNPATH_SEARCH_PATHS = (
					"$(inherited)",
					"@executable_path/Frameworks",
				);
				MARKETING_VERSION = 1.0;
				PRODUCT_BUNDLE_IDENTIFIER = com.rae.BoxOffice;
				PRODUCT_NAME = "$(TARGET_NAME)";
				SUPPORTED_PLATFORMS = "iphoneos iphonesimulator";
				SUPPORTS_MACCATALYST = NO;
				SUPPORTS_MAC_DESIGNED_FOR_IPHONE_IPAD = NO;
				SWIFT_EMIT_LOC_STRINGS = YES;
				SWIFT_VERSION = 5.0;
				TARGETED_DEVICE_FAMILY = 1;
			};
			name = Debug;
		};
		01F6E9862925C6D700770A4A /* Release */ = {
			isa = XCBuildConfiguration;
			buildSettings = {
				ASSETCATALOG_COMPILER_APPICON_NAME = AppIcon;
				ASSETCATALOG_COMPILER_GLOBAL_ACCENT_COLOR_NAME = AccentColor;
				CODE_SIGN_STYLE = Automatic;
				CURRENT_PROJECT_VERSION = 1;
				DEVELOPMENT_TEAM = WB3J5J4ZWS;
				GENERATE_INFOPLIST_FILE = YES;
				INFOPLIST_FILE = BoxOffice/Resource/Info.plist;
				INFOPLIST_KEY_UIApplicationSupportsIndirectInputEvents = YES;
				INFOPLIST_KEY_UILaunchStoryboardName = LaunchScreen;
				INFOPLIST_KEY_UIMainStoryboardFile = "";
				INFOPLIST_KEY_UISupportedInterfaceOrientations_iPad = "UIInterfaceOrientationPortrait UIInterfaceOrientationPortraitUpsideDown UIInterfaceOrientationLandscapeLeft UIInterfaceOrientationLandscapeRight";
				INFOPLIST_KEY_UISupportedInterfaceOrientations_iPhone = "UIInterfaceOrientationPortrait UIInterfaceOrientationLandscapeLeft UIInterfaceOrientationLandscapeRight";
				IPHONEOS_DEPLOYMENT_TARGET = 13.0;
				LD_RUNPATH_SEARCH_PATHS = (
					"$(inherited)",
					"@executable_path/Frameworks",
				);
				MARKETING_VERSION = 1.0;
				PRODUCT_BUNDLE_IDENTIFIER = com.rae.BoxOffice;
				PRODUCT_NAME = "$(TARGET_NAME)";
				SUPPORTED_PLATFORMS = "iphoneos iphonesimulator";
				SUPPORTS_MACCATALYST = NO;
				SUPPORTS_MAC_DESIGNED_FOR_IPHONE_IPAD = NO;
				SWIFT_EMIT_LOC_STRINGS = YES;
				SWIFT_VERSION = 5.0;
				TARGETED_DEVICE_FAMILY = 1;
			};
			name = Release;
		};
/* End XCBuildConfiguration section */

/* Begin XCConfigurationList section */
		01F6E96B2925C6D500770A4A /* Build configuration list for PBXProject "BoxOffice" */ = {
			isa = XCConfigurationList;
			buildConfigurations = (
				01F6E9822925C6D700770A4A /* Debug */,
				01F6E9832925C6D700770A4A /* Release */,
			);
			defaultConfigurationIsVisible = 0;
			defaultConfigurationName = Release;
		};
		01F6E9842925C6D700770A4A /* Build configuration list for PBXNativeTarget "BoxOffice" */ = {
			isa = XCConfigurationList;
			buildConfigurations = (
				01F6E9852925C6D700770A4A /* Debug */,
				01F6E9862925C6D700770A4A /* Release */,
			);
			defaultConfigurationIsVisible = 0;
			defaultConfigurationName = Release;
		};
/* End XCConfigurationList section */
	};
	rootObject = 01F6E9682925C6D500770A4A /* Project object */;
}
