// !$*UTF8*$!
{
	archiveVersion = 1;
	classes = {
	};
	objectVersion = 56;
	objects = {

/* Begin PBXBuildFile section */
		013BD1CF29645B1900C7EA52 /* ReactorKit in Frameworks */ = {isa = PBXBuildFile; productRef = 013BD1CE29645B1900C7EA52 /* ReactorKit */; };
		013BD1D229645B4D00C7EA52 /* RxCocoa in Frameworks */ = {isa = PBXBuildFile; productRef = 013BD1D129645B4D00C7EA52 /* RxCocoa */; };
		013BD1D429645B4D00C7EA52 /* RxSwift in Frameworks */ = {isa = PBXBuildFile; productRef = 013BD1D329645B4D00C7EA52 /* RxSwift */; };
		013BD1D629648E1A00C7EA52 /* MovieListReactor.swift in Sources */ = {isa = PBXBuildFile; fileRef = 013BD1D529648E1A00C7EA52 /* MovieListReactor.swift */; };
		013BD1E42965610A00C7EA52 /* KobisAPI.swift in Sources */ = {isa = PBXBuildFile; fileRef = 013BD1E32965610A00C7EA52 /* KobisAPI.swift */; };
		013BD1E6296572AF00C7EA52 /* TargetType.swift in Sources */ = {isa = PBXBuildFile; fileRef = 013BD1E5296572AF00C7EA52 /* TargetType.swift */; };
		013BD1E82965A36F00C7EA52 /* KobisRepository.swift in Sources */ = {isa = PBXBuildFile; fileRef = 013BD1E72965A36F00C7EA52 /* KobisRepository.swift */; };
		013BD1EA2965AA4600C7EA52 /* TmdbRepository.swift in Sources */ = {isa = PBXBuildFile; fileRef = 013BD1E92965AA4600C7EA52 /* TmdbRepository.swift */; };
		013BD1EC2966611B00C7EA52 /* MovieInfoViewController.swift in Sources */ = {isa = PBXBuildFile; fileRef = 013BD1EB2966611B00C7EA52 /* MovieInfoViewController.swift */; };
		013BD1EF29668DFB00C7EA52 /* MovieCollectionViewCellReactor.swift in Sources */ = {isa = PBXBuildFile; fileRef = 013BD1EE29668DFB00C7EA52 /* MovieCollectionViewCellReactor.swift */; };
		013BD1F729680BE100C7EA52 /* MovieInfoReactor.swift in Sources */ = {isa = PBXBuildFile; fileRef = 013BD1F629680BE100C7EA52 /* MovieInfoReactor.swift */; };
		013BD1F929681AC200C7EA52 /* MovieInfoTitleTableViewCell.swift in Sources */ = {isa = PBXBuildFile; fileRef = 013BD1F829681AC200C7EA52 /* MovieInfoTitleTableViewCell.swift */; };
		013BD1FB29683EE500C7EA52 /* MovieInfoTitleTableViewCellReactor.swift in Sources */ = {isa = PBXBuildFile; fileRef = 013BD1FA29683EE500C7EA52 /* MovieInfoTitleTableViewCellReactor.swift */; };
		01850DDD2969245400658FD1 /* MovieInfoOverviewTableViewCell.swift in Sources */ = {isa = PBXBuildFile; fileRef = 01850DDC2969245400658FD1 /* MovieInfoOverviewTableViewCell.swift */; };
		01850DDF2969246700658FD1 /* MovieInfoOverviewTableViewCellReactor.swift in Sources */ = {isa = PBXBuildFile; fileRef = 01850DDE2969246700658FD1 /* MovieInfoOverviewTableViewCellReactor.swift */; };
		01850DE12969464100658FD1 /* MovieInfoReviewTitleTableViewCell.swift in Sources */ = {isa = PBXBuildFile; fileRef = 01850DE02969464100658FD1 /* MovieInfoReviewTitleTableViewCell.swift */; };
		01850DE32969464B00658FD1 /* MovieInfoReviewTitleTableViewCellReactor.swift in Sources */ = {isa = PBXBuildFile; fileRef = 01850DE22969464B00658FD1 /* MovieInfoReviewTitleTableViewCellReactor.swift */; };
		01850DEC296D4D1D00658FD1 /* Review.swift in Sources */ = {isa = PBXBuildFile; fileRef = 01850DEB296D4D1D00658FD1 /* Review.swift */; };
		01850DEE296D52D800658FD1 /* FirebaseRepository.swift in Sources */ = {isa = PBXBuildFile; fileRef = 01850DED296D52D800658FD1 /* FirebaseRepository.swift */; };
		01850DF3296D5C5A00658FD1 /* ReviewViewController.swift in Sources */ = {isa = PBXBuildFile; fileRef = 01850DF2296D5C5A00658FD1 /* ReviewViewController.swift */; };
		01850DF5296D5C7900658FD1 /* ReviewReactor.swift in Sources */ = {isa = PBXBuildFile; fileRef = 01850DF4296D5C7900658FD1 /* ReviewReactor.swift */; };
		01850DF9296D676800658FD1 /* GoogleService-Info.plist in Resources */ = {isa = PBXBuildFile; fileRef = 01850DF8296D676800658FD1 /* GoogleService-Info.plist */; };
		01850E01297142E800658FD1 /* FirebaseFirestore in Frameworks */ = {isa = PBXBuildFile; productRef = 01850E00297142E800658FD1 /* FirebaseFirestore */; };
		01850E0329714ADC00658FD1 /* FirebaseFirestoreSwift in Frameworks */ = {isa = PBXBuildFile; productRef = 01850E0229714ADC00658FD1 /* FirebaseFirestoreSwift */; };
		01850E05297151E400658FD1 /* MovieInfoReviewContentTableViewCell.swift in Sources */ = {isa = PBXBuildFile; fileRef = 01850E04297151E400658FD1 /* MovieInfoReviewContentTableViewCell.swift */; };
		0190489A292E7CAB003B5FD0 /* MovieInfo.swift in Sources */ = {isa = PBXBuildFile; fileRef = 01904899292E7CAB003B5FD0 /* MovieInfo.swift */; };
		0190489C292E7E23003B5FD0 /* BoxOfficeList.swift in Sources */ = {isa = PBXBuildFile; fileRef = 0190489B292E7E23003B5FD0 /* BoxOfficeList.swift */; };
		0190489E292E7F50003B5FD0 /* Tmdb.swift in Sources */ = {isa = PBXBuildFile; fileRef = 0190489D292E7F50003B5FD0 /* Tmdb.swift */; };
		019048A6292F51CD003B5FD0 /* NetworkService.swift in Sources */ = {isa = PBXBuildFile; fileRef = 019048A5292F51CD003B5FD0 /* NetworkService.swift */; };
		019048AA292F6726003B5FD0 /* DailyBoxOfficeListResponseDTO+Mapping.swift in Sources */ = {isa = PBXBuildFile; fileRef = 019048A9292F6726003B5FD0 /* DailyBoxOfficeListResponseDTO+Mapping.swift */; };
		019048AC292F6977003B5FD0 /* WeeklyBoxOfficeListResponseDTO+Mapping.swift in Sources */ = {isa = PBXBuildFile; fileRef = 019048AB292F6977003B5FD0 /* WeeklyBoxOfficeListResponseDTO+Mapping.swift */; };
		019048AE292F6B40003B5FD0 /* MovieInfoResponseDTO+Mapping.swift in Sources */ = {isa = PBXBuildFile; fileRef = 019048AD292F6B40003B5FD0 /* MovieInfoResponseDTO+Mapping.swift */; };
		019048B1292F6FFD003B5FD0 /* MovieTmdbResponseDTO+Mapping.swift in Sources */ = {isa = PBXBuildFile; fileRef = 019048B0292F6FFD003B5FD0 /* MovieTmdbResponseDTO+Mapping.swift */; };
		0198069F29290A35004639A0 /* TmdbAPI.swift in Sources */ = {isa = PBXBuildFile; fileRef = 0198069E29290A35004639A0 /* TmdbAPI.swift */; };
		019806B1292B9C99004639A0 /* Date+Extension.swift in Sources */ = {isa = PBXBuildFile; fileRef = 019806B0292B9C99004639A0 /* Date+Extension.swift */; };
		01AE58562925F7A400B409D8 /* Secrets.swift in Sources */ = {isa = PBXBuildFile; fileRef = 01AE58552925F7A400B409D8 /* Secrets.swift */; };
		01AE586029261BD700B409D8 /* MovieCollectionViewCell.swift in Sources */ = {isa = PBXBuildFile; fileRef = 01AE585F29261BD700B409D8 /* MovieCollectionViewCell.swift */; };
		01AE58642926388F00B409D8 /* MovieListMenuButton.swift in Sources */ = {isa = PBXBuildFile; fileRef = 01AE58632926388F00B409D8 /* MovieListMenuButton.swift */; };
		01B8D23D29726A9E00D14462 /* Cosmos in Frameworks */ = {isa = PBXBuildFile; productRef = 01B8D23C29726A9E00D14462 /* Cosmos */; };
		01D807C1292CC26700B12962 /* MoviePosterNewLabelView.swift in Sources */ = {isa = PBXBuildFile; fileRef = 01D807C0292CC26700B12962 /* MoviePosterNewLabelView.swift */; };
		01D807C5292CFC7C00B12962 /* NetworkImageService.swift in Sources */ = {isa = PBXBuildFile; fileRef = 01D807C4292CFC7C00B12962 /* NetworkImageService.swift */; };
		01E9A04E2930E81C00962F7C /* UIViewController+Extension.swift in Sources */ = {isa = PBXBuildFile; fileRef = 01E9A04D2930E81C00962F7C /* UIViewController+Extension.swift */; };
		01EF0C102937997800DB95A2 /* DailyBoxOfficeListRequestDTO.swift in Sources */ = {isa = PBXBuildFile; fileRef = 01EF0C0F2937997800DB95A2 /* DailyBoxOfficeListRequestDTO.swift */; };
		01EF0C1329379B2500DB95A2 /* WeeklyBoxOfficeListRequestDTO.swift in Sources */ = {isa = PBXBuildFile; fileRef = 01EF0C1229379B2500DB95A2 /* WeeklyBoxOfficeListRequestDTO.swift */; };
		01EF0C1529379B6900DB95A2 /* MovieInfoRequestDTO.swift in Sources */ = {isa = PBXBuildFile; fileRef = 01EF0C1429379B6800DB95A2 /* MovieInfoRequestDTO.swift */; };
		01EF0C1729379CE200DB95A2 /* MovieTmdbRequestDTO.swift in Sources */ = {isa = PBXBuildFile; fileRef = 01EF0C1629379CE200DB95A2 /* MovieTmdbRequestDTO.swift */; };
		01F6E9742925C6D500770A4A /* AppDelegate.swift in Sources */ = {isa = PBXBuildFile; fileRef = 01F6E9732925C6D500770A4A /* AppDelegate.swift */; };
		01F6E9762925C6D500770A4A /* SceneDelegate.swift in Sources */ = {isa = PBXBuildFile; fileRef = 01F6E9752925C6D500770A4A /* SceneDelegate.swift */; };
		01F6E9782925C6D500770A4A /* MovieListViewController.swift in Sources */ = {isa = PBXBuildFile; fileRef = 01F6E9772925C6D500770A4A /* MovieListViewController.swift */; };
		01F6E97D2925C6D700770A4A /* Assets.xcassets in Resources */ = {isa = PBXBuildFile; fileRef = 01F6E97C2925C6D700770A4A /* Assets.xcassets */; };
		01F6E9802925C6D700770A4A /* LaunchScreen.storyboard in Resources */ = {isa = PBXBuildFile; fileRef = 01F6E97E2925C6D700770A4A /* LaunchScreen.storyboard */; };
/* End PBXBuildFile section */

/* Begin PBXFileReference section */
		013BD1D529648E1A00C7EA52 /* MovieListReactor.swift */ = {isa = PBXFileReference; lastKnownFileType = sourcecode.swift; path = MovieListReactor.swift; sourceTree = "<group>"; };
		013BD1E32965610A00C7EA52 /* KobisAPI.swift */ = {isa = PBXFileReference; lastKnownFileType = sourcecode.swift; path = KobisAPI.swift; sourceTree = "<group>"; };
		013BD1E5296572AF00C7EA52 /* TargetType.swift */ = {isa = PBXFileReference; fileEncoding = 4; lastKnownFileType = sourcecode.swift; path = TargetType.swift; sourceTree = "<group>"; };
		013BD1E72965A36F00C7EA52 /* KobisRepository.swift */ = {isa = PBXFileReference; lastKnownFileType = sourcecode.swift; path = KobisRepository.swift; sourceTree = "<group>"; };
		013BD1E92965AA4600C7EA52 /* TmdbRepository.swift */ = {isa = PBXFileReference; lastKnownFileType = sourcecode.swift; path = TmdbRepository.swift; sourceTree = "<group>"; };
		013BD1EB2966611B00C7EA52 /* MovieInfoViewController.swift */ = {isa = PBXFileReference; lastKnownFileType = sourcecode.swift; path = MovieInfoViewController.swift; sourceTree = "<group>"; };
		013BD1EE29668DFB00C7EA52 /* MovieCollectionViewCellReactor.swift */ = {isa = PBXFileReference; lastKnownFileType = sourcecode.swift; path = MovieCollectionViewCellReactor.swift; sourceTree = "<group>"; };
		013BD1F629680BE100C7EA52 /* MovieInfoReactor.swift */ = {isa = PBXFileReference; lastKnownFileType = sourcecode.swift; path = MovieInfoReactor.swift; sourceTree = "<group>"; };
		013BD1F829681AC200C7EA52 /* MovieInfoTitleTableViewCell.swift */ = {isa = PBXFileReference; lastKnownFileType = sourcecode.swift; path = MovieInfoTitleTableViewCell.swift; sourceTree = "<group>"; };
		013BD1FA29683EE500C7EA52 /* MovieInfoTitleTableViewCellReactor.swift */ = {isa = PBXFileReference; lastKnownFileType = sourcecode.swift; path = MovieInfoTitleTableViewCellReactor.swift; sourceTree = "<group>"; };
		01850DDC2969245400658FD1 /* MovieInfoOverviewTableViewCell.swift */ = {isa = PBXFileReference; lastKnownFileType = sourcecode.swift; path = MovieInfoOverviewTableViewCell.swift; sourceTree = "<group>"; };
		01850DDE2969246700658FD1 /* MovieInfoOverviewTableViewCellReactor.swift */ = {isa = PBXFileReference; lastKnownFileType = sourcecode.swift; path = MovieInfoOverviewTableViewCellReactor.swift; sourceTree = "<group>"; };
		01850DE02969464100658FD1 /* MovieInfoReviewTitleTableViewCell.swift */ = {isa = PBXFileReference; lastKnownFileType = sourcecode.swift; path = MovieInfoReviewTitleTableViewCell.swift; sourceTree = "<group>"; };
		01850DE22969464B00658FD1 /* MovieInfoReviewTitleTableViewCellReactor.swift */ = {isa = PBXFileReference; lastKnownFileType = sourcecode.swift; path = MovieInfoReviewTitleTableViewCellReactor.swift; sourceTree = "<group>"; };
		01850DEB296D4D1D00658FD1 /* Review.swift */ = {isa = PBXFileReference; lastKnownFileType = sourcecode.swift; path = Review.swift; sourceTree = "<group>"; };
		01850DED296D52D800658FD1 /* FirebaseRepository.swift */ = {isa = PBXFileReference; lastKnownFileType = sourcecode.swift; path = FirebaseRepository.swift; sourceTree = "<group>"; };
		01850DF2296D5C5A00658FD1 /* ReviewViewController.swift */ = {isa = PBXFileReference; lastKnownFileType = sourcecode.swift; path = ReviewViewController.swift; sourceTree = "<group>"; };
		01850DF4296D5C7900658FD1 /* ReviewReactor.swift */ = {isa = PBXFileReference; lastKnownFileType = sourcecode.swift; path = ReviewReactor.swift; sourceTree = "<group>"; };
		01850DF8296D676800658FD1 /* GoogleService-Info.plist */ = {isa = PBXFileReference; fileEncoding = 4; lastKnownFileType = text.plist.xml; path = "GoogleService-Info.plist"; sourceTree = "<group>"; };
		01850E04297151E400658FD1 /* MovieInfoReviewContentTableViewCell.swift */ = {isa = PBXFileReference; lastKnownFileType = sourcecode.swift; path = MovieInfoReviewContentTableViewCell.swift; sourceTree = "<group>"; };
		01904899292E7CAB003B5FD0 /* MovieInfo.swift */ = {isa = PBXFileReference; lastKnownFileType = sourcecode.swift; path = MovieInfo.swift; sourceTree = "<group>"; };
		0190489B292E7E23003B5FD0 /* BoxOfficeList.swift */ = {isa = PBXFileReference; lastKnownFileType = sourcecode.swift; path = BoxOfficeList.swift; sourceTree = "<group>"; };
		0190489D292E7F50003B5FD0 /* Tmdb.swift */ = {isa = PBXFileReference; lastKnownFileType = sourcecode.swift; path = Tmdb.swift; sourceTree = "<group>"; };
		019048A5292F51CD003B5FD0 /* NetworkService.swift */ = {isa = PBXFileReference; lastKnownFileType = sourcecode.swift; path = NetworkService.swift; sourceTree = "<group>"; };
		019048A9292F6726003B5FD0 /* DailyBoxOfficeListResponseDTO+Mapping.swift */ = {isa = PBXFileReference; lastKnownFileType = sourcecode.swift; path = "DailyBoxOfficeListResponseDTO+Mapping.swift"; sourceTree = "<group>"; };
		019048AB292F6977003B5FD0 /* WeeklyBoxOfficeListResponseDTO+Mapping.swift */ = {isa = PBXFileReference; lastKnownFileType = sourcecode.swift; path = "WeeklyBoxOfficeListResponseDTO+Mapping.swift"; sourceTree = "<group>"; };
		019048AD292F6B40003B5FD0 /* MovieInfoResponseDTO+Mapping.swift */ = {isa = PBXFileReference; lastKnownFileType = sourcecode.swift; path = "MovieInfoResponseDTO+Mapping.swift"; sourceTree = "<group>"; };
		019048B0292F6FFD003B5FD0 /* MovieTmdbResponseDTO+Mapping.swift */ = {isa = PBXFileReference; lastKnownFileType = sourcecode.swift; path = "MovieTmdbResponseDTO+Mapping.swift"; sourceTree = "<group>"; };
		0198069E29290A35004639A0 /* TmdbAPI.swift */ = {isa = PBXFileReference; lastKnownFileType = sourcecode.swift; path = TmdbAPI.swift; sourceTree = "<group>"; };
		019806B0292B9C99004639A0 /* Date+Extension.swift */ = {isa = PBXFileReference; lastKnownFileType = sourcecode.swift; path = "Date+Extension.swift"; sourceTree = "<group>"; };
		01AE58552925F7A400B409D8 /* Secrets.swift */ = {isa = PBXFileReference; lastKnownFileType = sourcecode.swift; path = Secrets.swift; sourceTree = "<group>"; };
		01AE585F29261BD700B409D8 /* MovieCollectionViewCell.swift */ = {isa = PBXFileReference; lastKnownFileType = sourcecode.swift; path = MovieCollectionViewCell.swift; sourceTree = "<group>"; };
		01AE58632926388F00B409D8 /* MovieListMenuButton.swift */ = {isa = PBXFileReference; lastKnownFileType = sourcecode.swift; path = MovieListMenuButton.swift; sourceTree = "<group>"; };
		01D807C0292CC26700B12962 /* MoviePosterNewLabelView.swift */ = {isa = PBXFileReference; lastKnownFileType = sourcecode.swift; path = MoviePosterNewLabelView.swift; sourceTree = "<group>"; };
		01D807C4292CFC7C00B12962 /* NetworkImageService.swift */ = {isa = PBXFileReference; lastKnownFileType = sourcecode.swift; path = NetworkImageService.swift; sourceTree = "<group>"; };
		01E9A04D2930E81C00962F7C /* UIViewController+Extension.swift */ = {isa = PBXFileReference; lastKnownFileType = sourcecode.swift; path = "UIViewController+Extension.swift"; sourceTree = "<group>"; };
		01EF0C0F2937997800DB95A2 /* DailyBoxOfficeListRequestDTO.swift */ = {isa = PBXFileReference; lastKnownFileType = sourcecode.swift; path = DailyBoxOfficeListRequestDTO.swift; sourceTree = "<group>"; };
		01EF0C1229379B2500DB95A2 /* WeeklyBoxOfficeListRequestDTO.swift */ = {isa = PBXFileReference; lastKnownFileType = sourcecode.swift; path = WeeklyBoxOfficeListRequestDTO.swift; sourceTree = "<group>"; };
		01EF0C1429379B6800DB95A2 /* MovieInfoRequestDTO.swift */ = {isa = PBXFileReference; lastKnownFileType = sourcecode.swift; path = MovieInfoRequestDTO.swift; sourceTree = "<group>"; };
		01EF0C1629379CE200DB95A2 /* MovieTmdbRequestDTO.swift */ = {isa = PBXFileReference; lastKnownFileType = sourcecode.swift; path = MovieTmdbRequestDTO.swift; sourceTree = "<group>"; };
		01F6E9702925C6D500770A4A /* BoxOffice.app */ = {isa = PBXFileReference; explicitFileType = wrapper.application; includeInIndex = 0; path = BoxOffice.app; sourceTree = BUILT_PRODUCTS_DIR; };
		01F6E9732925C6D500770A4A /* AppDelegate.swift */ = {isa = PBXFileReference; lastKnownFileType = sourcecode.swift; path = AppDelegate.swift; sourceTree = "<group>"; };
		01F6E9752925C6D500770A4A /* SceneDelegate.swift */ = {isa = PBXFileReference; lastKnownFileType = sourcecode.swift; path = SceneDelegate.swift; sourceTree = "<group>"; };
		01F6E9772925C6D500770A4A /* MovieListViewController.swift */ = {isa = PBXFileReference; lastKnownFileType = sourcecode.swift; path = MovieListViewController.swift; sourceTree = "<group>"; };
		01F6E97C2925C6D700770A4A /* Assets.xcassets */ = {isa = PBXFileReference; lastKnownFileType = folder.assetcatalog; path = Assets.xcassets; sourceTree = "<group>"; };
		01F6E97F2925C6D700770A4A /* Base */ = {isa = PBXFileReference; lastKnownFileType = file.storyboard; name = Base; path = Base.lproj/LaunchScreen.storyboard; sourceTree = "<group>"; };
		01F6E9812925C6D700770A4A /* Info.plist */ = {isa = PBXFileReference; lastKnownFileType = text.plist.xml; path = Info.plist; sourceTree = "<group>"; };
/* End PBXFileReference section */

/* Begin PBXFrameworksBuildPhase section */
		01F6E96D2925C6D500770A4A /* Frameworks */ = {
			isa = PBXFrameworksBuildPhase;
			buildActionMask = 2147483647;
			files = (
				01B8D23D29726A9E00D14462 /* Cosmos in Frameworks */,
				01850E0329714ADC00658FD1 /* FirebaseFirestoreSwift in Frameworks */,
				013BD1D429645B4D00C7EA52 /* RxSwift in Frameworks */,
				01850E01297142E800658FD1 /* FirebaseFirestore in Frameworks */,
				013BD1D229645B4D00C7EA52 /* RxCocoa in Frameworks */,
				013BD1CF29645B1900C7EA52 /* ReactorKit in Frameworks */,
			);
			runOnlyForDeploymentPostprocessing = 0;
		};
/* End PBXFrameworksBuildPhase section */

/* Begin PBXGroup section */
		013BD1D829651E8000C7EA52 /* Sources */ = {
			isa = PBXGroup;
			children = (
				01F6E9732925C6D500770A4A /* AppDelegate.swift */,
				01F6E9752925C6D500770A4A /* SceneDelegate.swift */,
				019806AF292B9C8C004639A0 /* Extensions */,
				013BD1DC29651EA300C7EA52 /* Models */,
				013BD1DD29651EA800C7EA52 /* Services */,
				013BD1DA29651E9900C7EA52 /* ViewControllers */,
				013BD1DB29651E9F00C7EA52 /* Views */,
			);
			path = Sources;
			sourceTree = "<group>";
		};
		013BD1D929651E8500C7EA52 /* Supporting Files */ = {
			isa = PBXGroup;
			children = (
				01850DF8296D676800658FD1 /* GoogleService-Info.plist */,
				01F6E9812925C6D700770A4A /* Info.plist */,
			);
			path = "Supporting Files";
			sourceTree = "<group>";
		};
		013BD1DA29651E9900C7EA52 /* ViewControllers */ = {
			isa = PBXGroup;
			children = (
				013BD1EB2966611B00C7EA52 /* MovieInfoViewController.swift */,
				013BD1F629680BE100C7EA52 /* MovieInfoReactor.swift */,
				01F6E9772925C6D500770A4A /* MovieListViewController.swift */,
				013BD1D529648E1A00C7EA52 /* MovieListReactor.swift */,
				01850DF2296D5C5A00658FD1 /* ReviewViewController.swift */,
				01850DF4296D5C7900658FD1 /* ReviewReactor.swift */,
			);
			path = ViewControllers;
			sourceTree = "<group>";
		};
		013BD1DB29651E9F00C7EA52 /* Views */ = {
			isa = PBXGroup;
			children = (
				01B8D237297264E300D14462 /* MovieInfo */,
				01B8D236297264D600D14462 /* MovieList */,
			);
			path = Views;
			sourceTree = "<group>";
		};
		013BD1DC29651EA300C7EA52 /* Models */ = {
			isa = PBXGroup;
			children = (
				01904898292E5E43003B5FD0 /* Entities */,
				01EF0C112937997C00DB95A2 /* Request */,
				019048A8292F6706003B5FD0 /* Response+DataMapping */,
			);
			path = Models;
			sourceTree = "<group>";
		};
		013BD1DD29651EA800C7EA52 /* Services */ = {
			isa = PBXGroup;
			children = (
				013BD1E32965610A00C7EA52 /* KobisAPI.swift */,
				013BD1E72965A36F00C7EA52 /* KobisRepository.swift */,
				01D807C4292CFC7C00B12962 /* NetworkImageService.swift */,
				019048A5292F51CD003B5FD0 /* NetworkService.swift */,
				01AE58552925F7A400B409D8 /* Secrets.swift */,
				013BD1E5296572AF00C7EA52 /* TargetType.swift */,
				0198069E29290A35004639A0 /* TmdbAPI.swift */,
				013BD1E92965AA4600C7EA52 /* TmdbRepository.swift */,
				01850DED296D52D800658FD1 /* FirebaseRepository.swift */,
			);
			path = Services;
			sourceTree = "<group>";
		};
		01850DEF296D55E500658FD1 /* Frameworks */ = {
			isa = PBXGroup;
			children = (
			);
			name = Frameworks;
			sourceTree = "<group>";
		};
		01904898292E5E43003B5FD0 /* Entities */ = {
			isa = PBXGroup;
			children = (
				0190489B292E7E23003B5FD0 /* BoxOfficeList.swift */,
				01904899292E7CAB003B5FD0 /* MovieInfo.swift */,
				01850DEB296D4D1D00658FD1 /* Review.swift */,
				0190489D292E7F50003B5FD0 /* Tmdb.swift */,
			);
			path = Entities;
			sourceTree = "<group>";
		};
		019048A8292F6706003B5FD0 /* Response+DataMapping */ = {
			isa = PBXGroup;
			children = (
				019048A9292F6726003B5FD0 /* DailyBoxOfficeListResponseDTO+Mapping.swift */,
				019048AB292F6977003B5FD0 /* WeeklyBoxOfficeListResponseDTO+Mapping.swift */,
				019048AD292F6B40003B5FD0 /* MovieInfoResponseDTO+Mapping.swift */,
				019048B0292F6FFD003B5FD0 /* MovieTmdbResponseDTO+Mapping.swift */,
			);
			path = "Response+DataMapping";
			sourceTree = "<group>";
		};
		019806AF292B9C8C004639A0 /* Extensions */ = {
			isa = PBXGroup;
			children = (
				019806B0292B9C99004639A0 /* Date+Extension.swift */,
				01E9A04D2930E81C00962F7C /* UIViewController+Extension.swift */,
			);
			name = Extensions;
			path = ..;
			sourceTree = "<group>";
		};
		01AE584B2925C9E600B409D8 /* Resources */ = {
			isa = PBXGroup;
			children = (
				01F6E97C2925C6D700770A4A /* Assets.xcassets */,
				01F6E97E2925C6D700770A4A /* LaunchScreen.storyboard */,
			);
			path = Resources;
			sourceTree = "<group>";
		};
		01B8D236297264D600D14462 /* MovieList */ = {
			isa = PBXGroup;
			children = (
				01AE585F29261BD700B409D8 /* MovieCollectionViewCell.swift */,
				013BD1EE29668DFB00C7EA52 /* MovieCollectionViewCellReactor.swift */,
				01AE58632926388F00B409D8 /* MovieListMenuButton.swift */,
				01D807C0292CC26700B12962 /* MoviePosterNewLabelView.swift */,
			);
			path = MovieList;
			sourceTree = "<group>";
		};
		01B8D237297264E300D14462 /* MovieInfo */ = {
			isa = PBXGroup;
			children = (
				01850DDC2969245400658FD1 /* MovieInfoOverviewTableViewCell.swift */,
				01850DDE2969246700658FD1 /* MovieInfoOverviewTableViewCellReactor.swift */,
				01850E04297151E400658FD1 /* MovieInfoReviewContentTableViewCell.swift */,
				01850DE02969464100658FD1 /* MovieInfoReviewTitleTableViewCell.swift */,
				01850DE22969464B00658FD1 /* MovieInfoReviewTitleTableViewCellReactor.swift */,
				013BD1F829681AC200C7EA52 /* MovieInfoTitleTableViewCell.swift */,
				013BD1FA29683EE500C7EA52 /* MovieInfoTitleTableViewCellReactor.swift */,
			);
			path = MovieInfo;
			sourceTree = "<group>";
		};
		01EF0C112937997C00DB95A2 /* Request */ = {
			isa = PBXGroup;
			children = (
				01EF0C0F2937997800DB95A2 /* DailyBoxOfficeListRequestDTO.swift */,
				01EF0C1229379B2500DB95A2 /* WeeklyBoxOfficeListRequestDTO.swift */,
				01EF0C1429379B6800DB95A2 /* MovieInfoRequestDTO.swift */,
				01EF0C1629379CE200DB95A2 /* MovieTmdbRequestDTO.swift */,
			);
			path = Request;
			sourceTree = "<group>";
		};
		01F6E9672925C6D500770A4A = {
			isa = PBXGroup;
			children = (
				01F6E9722925C6D500770A4A /* BoxOffice */,
				01F6E9712925C6D500770A4A /* Products */,
				01850DEF296D55E500658FD1 /* Frameworks */,
			);
			sourceTree = "<group>";
		};
		01F6E9712925C6D500770A4A /* Products */ = {
			isa = PBXGroup;
			children = (
				01F6E9702925C6D500770A4A /* BoxOffice.app */,
			);
			name = Products;
			sourceTree = "<group>";
		};
		01F6E9722925C6D500770A4A /* BoxOffice */ = {
			isa = PBXGroup;
			children = (
				01AE584B2925C9E600B409D8 /* Resources */,
				013BD1D829651E8000C7EA52 /* Sources */,
				013BD1D929651E8500C7EA52 /* Supporting Files */,
			);
			path = BoxOffice;
			sourceTree = "<group>";
		};
/* End PBXGroup section */

/* Begin PBXNativeTarget section */
		01F6E96F2925C6D500770A4A /* BoxOffice */ = {
			isa = PBXNativeTarget;
			buildConfigurationList = 01F6E9842925C6D700770A4A /* Build configuration list for PBXNativeTarget "BoxOffice" */;
			buildPhases = (
				01F6E96C2925C6D500770A4A /* Sources */,
				01F6E96D2925C6D500770A4A /* Frameworks */,
				01F6E96E2925C6D500770A4A /* Resources */,
			);
			buildRules = (
			);
			dependencies = (
			);
			name = BoxOffice;
			packageProductDependencies = (
				013BD1CE29645B1900C7EA52 /* ReactorKit */,
				013BD1D129645B4D00C7EA52 /* RxCocoa */,
				013BD1D329645B4D00C7EA52 /* RxSwift */,
				01850E00297142E800658FD1 /* FirebaseFirestore */,
				01850E0229714ADC00658FD1 /* FirebaseFirestoreSwift */,
				01B8D23C29726A9E00D14462 /* Cosmos */,
			);
			productName = BoxOffice;
			productReference = 01F6E9702925C6D500770A4A /* BoxOffice.app */;
			productType = "com.apple.product-type.application";
		};
/* End PBXNativeTarget section */

/* Begin PBXProject section */
		01F6E9682925C6D500770A4A /* Project object */ = {
			isa = PBXProject;
			attributes = {
				BuildIndependentTargetsInParallel = 1;
				LastSwiftUpdateCheck = 1410;
				LastUpgradeCheck = 1410;
				TargetAttributes = {
					01F6E96F2925C6D500770A4A = {
						CreatedOnToolsVersion = 14.1;
					};
				};
			};
			buildConfigurationList = 01F6E96B2925C6D500770A4A /* Build configuration list for PBXProject "BoxOffice" */;
			compatibilityVersion = "Xcode 14.0";
			developmentRegion = en;
			hasScannedForEncodings = 0;
			knownRegions = (
				en,
				Base,
			);
			mainGroup = 01F6E9672925C6D500770A4A;
			packageReferences = (
				013BD1CD29645B1900C7EA52 /* XCRemoteSwiftPackageReference "ReactorKit" */,
				013BD1D029645B4D00C7EA52 /* XCRemoteSwiftPackageReference "RxSwift" */,
				01850DE8296C354C00658FD1 /* XCRemoteSwiftPackageReference "firebase-ios-sdk" */,
				01B8D23B29726A9E00D14462 /* XCRemoteSwiftPackageReference "Cosmos" */,
			);
			productRefGroup = 01F6E9712925C6D500770A4A /* Products */;
			projectDirPath = "";
			projectRoot = "";
			targets = (
				01F6E96F2925C6D500770A4A /* BoxOffice */,
			);
		};
/* End PBXProject section */

/* Begin PBXResourcesBuildPhase section */
		01F6E96E2925C6D500770A4A /* Resources */ = {
			isa = PBXResourcesBuildPhase;
			buildActionMask = 2147483647;
			files = (
				01F6E9802925C6D700770A4A /* LaunchScreen.storyboard in Resources */,
				01850DF9296D676800658FD1 /* GoogleService-Info.plist in Resources */,
				01F6E97D2925C6D700770A4A /* Assets.xcassets in Resources */,
			);
			runOnlyForDeploymentPostprocessing = 0;
		};
/* End PBXResourcesBuildPhase section */

/* Begin PBXSourcesBuildPhase section */
		01F6E96C2925C6D500770A4A /* Sources */ = {
			isa = PBXSourcesBuildPhase;
			buildActionMask = 2147483647;
			files = (
				01F6E9782925C6D500770A4A /* MovieListViewController.swift in Sources */,
				01850DE32969464B00658FD1 /* MovieInfoReviewTitleTableViewCellReactor.swift in Sources */,
				01EF0C1729379CE200DB95A2 /* MovieTmdbRequestDTO.swift in Sources */,
				01AE58562925F7A400B409D8 /* Secrets.swift in Sources */,
				019048A6292F51CD003B5FD0 /* NetworkService.swift in Sources */,
				013BD1F929681AC200C7EA52 /* MovieInfoTitleTableViewCell.swift in Sources */,
				01850DEE296D52D800658FD1 /* FirebaseRepository.swift in Sources */,
				01EF0C102937997800DB95A2 /* DailyBoxOfficeListRequestDTO.swift in Sources */,
				01AE58642926388F00B409D8 /* MovieListMenuButton.swift in Sources */,
				013BD1EA2965AA4600C7EA52 /* TmdbRepository.swift in Sources */,
				013BD1EC2966611B00C7EA52 /* MovieInfoViewController.swift in Sources */,
				013BD1E82965A36F00C7EA52 /* KobisRepository.swift in Sources */,
				01850DDD2969245400658FD1 /* MovieInfoOverviewTableViewCell.swift in Sources */,
				019806B1292B9C99004639A0 /* Date+Extension.swift in Sources */,
				019048B1292F6FFD003B5FD0 /* MovieTmdbResponseDTO+Mapping.swift in Sources */,
				01D807C5292CFC7C00B12962 /* NetworkImageService.swift in Sources */,
				0190489A292E7CAB003B5FD0 /* MovieInfo.swift in Sources */,
				01850DF3296D5C5A00658FD1 /* ReviewViewController.swift in Sources */,
				013BD1F729680BE100C7EA52 /* MovieInfoReactor.swift in Sources */,
				01850E05297151E400658FD1 /* MovieInfoReviewContentTableViewCell.swift in Sources */,
				01AE586029261BD700B409D8 /* MovieCollectionViewCell.swift in Sources */,
				013BD1D629648E1A00C7EA52 /* MovieListReactor.swift in Sources */,
				019048AC292F6977003B5FD0 /* WeeklyBoxOfficeListResponseDTO+Mapping.swift in Sources */,
				01850DDF2969246700658FD1 /* MovieInfoOverviewTableViewCellReactor.swift in Sources */,
				01EF0C1329379B2500DB95A2 /* WeeklyBoxOfficeListRequestDTO.swift in Sources */,
				01850DEC296D4D1D00658FD1 /* Review.swift in Sources */,
				013BD1E6296572AF00C7EA52 /* TargetType.swift in Sources */,
				01EF0C1529379B6900DB95A2 /* MovieInfoRequestDTO.swift in Sources */,
				013BD1EF29668DFB00C7EA52 /* MovieCollectionViewCellReactor.swift in Sources */,
				01850DF5296D5C7900658FD1 /* ReviewReactor.swift in Sources */,
				01E9A04E2930E81C00962F7C /* UIViewController+Extension.swift in Sources */,
				01F6E9742925C6D500770A4A /* AppDelegate.swift in Sources */,
				019048AA292F6726003B5FD0 /* DailyBoxOfficeListResponseDTO+Mapping.swift in Sources */,
				0190489E292E7F50003B5FD0 /* Tmdb.swift in Sources */,
				013BD1FB29683EE500C7EA52 /* MovieInfoTitleTableViewCellReactor.swift in Sources */,
				01D807C1292CC26700B12962 /* MoviePosterNewLabelView.swift in Sources */,
				0190489C292E7E23003B5FD0 /* BoxOfficeList.swift in Sources */,
				0198069F29290A35004639A0 /* TmdbAPI.swift in Sources */,
				01F6E9762925C6D500770A4A /* SceneDelegate.swift in Sources */,
				019048AE292F6B40003B5FD0 /* MovieInfoResponseDTO+Mapping.swift in Sources */,
				01850DE12969464100658FD1 /* MovieInfoReviewTitleTableViewCell.swift in Sources */,
				013BD1E42965610A00C7EA52 /* KobisAPI.swift in Sources */,
			);
			runOnlyForDeploymentPostprocessing = 0;
		};
/* End PBXSourcesBuildPhase section */

/* Begin PBXVariantGroup section */
		01F6E97E2925C6D700770A4A /* LaunchScreen.storyboard */ = {
			isa = PBXVariantGroup;
			children = (
				01F6E97F2925C6D700770A4A /* Base */,
			);
			name = LaunchScreen.storyboard;
			sourceTree = "<group>";
		};
/* End PBXVariantGroup section */

/* Begin XCBuildConfiguration section */
		01F6E9822925C6D700770A4A /* Debug */ = {
			isa = XCBuildConfiguration;
			buildSettings = {
				ALWAYS_SEARCH_USER_PATHS = NO;
				CLANG_ANALYZER_NONNULL = YES;
				CLANG_ANALYZER_NUMBER_OBJECT_CONVERSION = YES_AGGRESSIVE;
				CLANG_CXX_LANGUAGE_STANDARD = "gnu++20";
				CLANG_ENABLE_MODULES = YES;
				CLANG_ENABLE_OBJC_ARC = YES;
				CLANG_ENABLE_OBJC_WEAK = YES;
				CLANG_WARN_BLOCK_CAPTURE_AUTORELEASING = YES;
				CLANG_WARN_BOOL_CONVERSION = YES;
				CLANG_WARN_COMMA = YES;
				CLANG_WARN_CONSTANT_CONVERSION = YES;
				CLANG_WARN_DEPRECATED_OBJC_IMPLEMENTATIONS = YES;
				CLANG_WARN_DIRECT_OBJC_ISA_USAGE = YES_ERROR;
				CLANG_WARN_DOCUMENTATION_COMMENTS = YES;
				CLANG_WARN_EMPTY_BODY = YES;
				CLANG_WARN_ENUM_CONVERSION = YES;
				CLANG_WARN_INFINITE_RECURSION = YES;
				CLANG_WARN_INT_CONVERSION = YES;
				CLANG_WARN_NON_LITERAL_NULL_CONVERSION = YES;
				CLANG_WARN_OBJC_IMPLICIT_RETAIN_SELF = YES;
				CLANG_WARN_OBJC_LITERAL_CONVERSION = YES;
				CLANG_WARN_OBJC_ROOT_CLASS = YES_ERROR;
				CLANG_WARN_QUOTED_INCLUDE_IN_FRAMEWORK_HEADER = YES;
				CLANG_WARN_RANGE_LOOP_ANALYSIS = YES;
				CLANG_WARN_STRICT_PROTOTYPES = YES;
				CLANG_WARN_SUSPICIOUS_MOVE = YES;
				CLANG_WARN_UNGUARDED_AVAILABILITY = YES_AGGRESSIVE;
				CLANG_WARN_UNREACHABLE_CODE = YES;
				CLANG_WARN__DUPLICATE_METHOD_MATCH = YES;
				COPY_PHASE_STRIP = NO;
				DEBUG_INFORMATION_FORMAT = dwarf;
				ENABLE_STRICT_OBJC_MSGSEND = YES;
				ENABLE_TESTABILITY = YES;
				GCC_C_LANGUAGE_STANDARD = gnu11;
				GCC_DYNAMIC_NO_PIC = NO;
				GCC_NO_COMMON_BLOCKS = YES;
				GCC_OPTIMIZATION_LEVEL = 0;
				GCC_PREPROCESSOR_DEFINITIONS = (
					"DEBUG=1",
					"$(inherited)",
				);
				GCC_WARN_64_TO_32_BIT_CONVERSION = YES;
				GCC_WARN_ABOUT_RETURN_TYPE = YES_ERROR;
				GCC_WARN_UNDECLARED_SELECTOR = YES;
				GCC_WARN_UNINITIALIZED_AUTOS = YES_AGGRESSIVE;
				GCC_WARN_UNUSED_FUNCTION = YES;
				GCC_WARN_UNUSED_VARIABLE = YES;
				IPHONEOS_DEPLOYMENT_TARGET = 13.0;
				MTL_ENABLE_DEBUG_INFO = INCLUDE_SOURCE;
				MTL_FAST_MATH = YES;
				ONLY_ACTIVE_ARCH = YES;
				SDKROOT = iphoneos;
				SWIFT_ACTIVE_COMPILATION_CONDITIONS = DEBUG;
				SWIFT_OPTIMIZATION_LEVEL = "-Onone";
			};
			name = Debug;
		};
		01F6E9832925C6D700770A4A /* Release */ = {
			isa = XCBuildConfiguration;
			buildSettings = {
				ALWAYS_SEARCH_USER_PATHS = NO;
				CLANG_ANALYZER_NONNULL = YES;
				CLANG_ANALYZER_NUMBER_OBJECT_CONVERSION = YES_AGGRESSIVE;
				CLANG_CXX_LANGUAGE_STANDARD = "gnu++20";
				CLANG_ENABLE_MODULES = YES;
				CLANG_ENABLE_OBJC_ARC = YES;
				CLANG_ENABLE_OBJC_WEAK = YES;
				CLANG_WARN_BLOCK_CAPTURE_AUTORELEASING = YES;
				CLANG_WARN_BOOL_CONVERSION = YES;
				CLANG_WARN_COMMA = YES;
				CLANG_WARN_CONSTANT_CONVERSION = YES;
				CLANG_WARN_DEPRECATED_OBJC_IMPLEMENTATIONS = YES;
				CLANG_WARN_DIRECT_OBJC_ISA_USAGE = YES_ERROR;
				CLANG_WARN_DOCUMENTATION_COMMENTS = YES;
				CLANG_WARN_EMPTY_BODY = YES;
				CLANG_WARN_ENUM_CONVERSION = YES;
				CLANG_WARN_INFINITE_RECURSION = YES;
				CLANG_WARN_INT_CONVERSION = YES;
				CLANG_WARN_NON_LITERAL_NULL_CONVERSION = YES;
				CLANG_WARN_OBJC_IMPLICIT_RETAIN_SELF = YES;
				CLANG_WARN_OBJC_LITERAL_CONVERSION = YES;
				CLANG_WARN_OBJC_ROOT_CLASS = YES_ERROR;
				CLANG_WARN_QUOTED_INCLUDE_IN_FRAMEWORK_HEADER = YES;
				CLANG_WARN_RANGE_LOOP_ANALYSIS = YES;
				CLANG_WARN_STRICT_PROTOTYPES = YES;
				CLANG_WARN_SUSPICIOUS_MOVE = YES;
				CLANG_WARN_UNGUARDED_AVAILABILITY = YES_AGGRESSIVE;
				CLANG_WARN_UNREACHABLE_CODE = YES;
				CLANG_WARN__DUPLICATE_METHOD_MATCH = YES;
				COPY_PHASE_STRIP = NO;
				DEBUG_INFORMATION_FORMAT = "dwarf-with-dsym";
				ENABLE_NS_ASSERTIONS = NO;
				ENABLE_STRICT_OBJC_MSGSEND = YES;
				GCC_C_LANGUAGE_STANDARD = gnu11;
				GCC_NO_COMMON_BLOCKS = YES;
				GCC_WARN_64_TO_32_BIT_CONVERSION = YES;
				GCC_WARN_ABOUT_RETURN_TYPE = YES_ERROR;
				GCC_WARN_UNDECLARED_SELECTOR = YES;
				GCC_WARN_UNINITIALIZED_AUTOS = YES_AGGRESSIVE;
				GCC_WARN_UNUSED_FUNCTION = YES;
				GCC_WARN_UNUSED_VARIABLE = YES;
				IPHONEOS_DEPLOYMENT_TARGET = 13.0;
				MTL_ENABLE_DEBUG_INFO = NO;
				MTL_FAST_MATH = YES;
				SDKROOT = iphoneos;
				SWIFT_COMPILATION_MODE = wholemodule;
				SWIFT_OPTIMIZATION_LEVEL = "-O";
				VALIDATE_PRODUCT = YES;
			};
			name = Release;
		};
		01F6E9852925C6D700770A4A /* Debug */ = {
			isa = XCBuildConfiguration;
			buildSettings = {
				ASSETCATALOG_COMPILER_APPICON_NAME = AppIcon;
				ASSETCATALOG_COMPILER_GLOBAL_ACCENT_COLOR_NAME = AccentColor;
				CODE_SIGN_STYLE = Automatic;
				CURRENT_PROJECT_VERSION = 1;
				DEVELOPMENT_TEAM = WB3J5J4ZWS;
				GENERATE_INFOPLIST_FILE = YES;
				INFOPLIST_FILE = "BoxOffice/Supporting Files/Info.plist";
				INFOPLIST_KEY_UIApplicationSupportsIndirectInputEvents = YES;
				INFOPLIST_KEY_UILaunchStoryboardName = LaunchScreen;
				INFOPLIST_KEY_UIMainStoryboardFile = "";
				INFOPLIST_KEY_UISupportedInterfaceOrientations_iPad = "UIInterfaceOrientationPortrait UIInterfaceOrientationPortraitUpsideDown UIInterfaceOrientationLandscapeLeft UIInterfaceOrientationLandscapeRight";
				INFOPLIST_KEY_UISupportedInterfaceOrientations_iPhone = "UIInterfaceOrientationPortrait UIInterfaceOrientationLandscapeLeft UIInterfaceOrientationLandscapeRight";
				IPHONEOS_DEPLOYMENT_TARGET = 13.0;
				LD_RUNPATH_SEARCH_PATHS = (
					"$(inherited)",
					"@executable_path/Frameworks",
				);
				MARKETING_VERSION = 1.0;
				PRODUCT_BUNDLE_IDENTIFIER = com.rae.BoxOffice;
				PRODUCT_NAME = "$(TARGET_NAME)";
				SUPPORTED_PLATFORMS = "iphoneos iphonesimulator";
				SUPPORTS_MACCATALYST = NO;
				SUPPORTS_MAC_DESIGNED_FOR_IPHONE_IPAD = NO;
				SWIFT_EMIT_LOC_STRINGS = YES;
				SWIFT_VERSION = 5.0;
				TARGETED_DEVICE_FAMILY = 1;
			};
			name = Debug;
		};
		01F6E9862925C6D700770A4A /* Release */ = {
			isa = XCBuildConfiguration;
			buildSettings = {
				ASSETCATALOG_COMPILER_APPICON_NAME = AppIcon;
				ASSETCATALOG_COMPILER_GLOBAL_ACCENT_COLOR_NAME = AccentColor;
				CODE_SIGN_STYLE = Automatic;
				CURRENT_PROJECT_VERSION = 1;
				DEVELOPMENT_TEAM = WB3J5J4ZWS;
				GENERATE_INFOPLIST_FILE = YES;
				INFOPLIST_FILE = "BoxOffice/Supporting Files/Info.plist";
				INFOPLIST_KEY_UIApplicationSupportsIndirectInputEvents = YES;
				INFOPLIST_KEY_UILaunchStoryboardName = LaunchScreen;
				INFOPLIST_KEY_UIMainStoryboardFile = "";
				INFOPLIST_KEY_UISupportedInterfaceOrientations_iPad = "UIInterfaceOrientationPortrait UIInterfaceOrientationPortraitUpsideDown UIInterfaceOrientationLandscapeLeft UIInterfaceOrientationLandscapeRight";
				INFOPLIST_KEY_UISupportedInterfaceOrientations_iPhone = "UIInterfaceOrientationPortrait UIInterfaceOrientationLandscapeLeft UIInterfaceOrientationLandscapeRight";
				IPHONEOS_DEPLOYMENT_TARGET = 13.0;
				LD_RUNPATH_SEARCH_PATHS = (
					"$(inherited)",
					"@executable_path/Frameworks",
				);
				MARKETING_VERSION = 1.0;
				PRODUCT_BUNDLE_IDENTIFIER = com.rae.BoxOffice;
				PRODUCT_NAME = "$(TARGET_NAME)";
				SUPPORTED_PLATFORMS = "iphoneos iphonesimulator";
				SUPPORTS_MACCATALYST = NO;
				SUPPORTS_MAC_DESIGNED_FOR_IPHONE_IPAD = NO;
				SWIFT_EMIT_LOC_STRINGS = YES;
				SWIFT_VERSION = 5.0;
				TARGETED_DEVICE_FAMILY = 1;
			};
			name = Release;
		};
/* End XCBuildConfiguration section */

/* Begin XCConfigurationList section */
		01F6E96B2925C6D500770A4A /* Build configuration list for PBXProject "BoxOffice" */ = {
			isa = XCConfigurationList;
			buildConfigurations = (
				01F6E9822925C6D700770A4A /* Debug */,
				01F6E9832925C6D700770A4A /* Release */,
			);
			defaultConfigurationIsVisible = 0;
			defaultConfigurationName = Release;
		};
		01F6E9842925C6D700770A4A /* Build configuration list for PBXNativeTarget "BoxOffice" */ = {
			isa = XCConfigurationList;
			buildConfigurations = (
				01F6E9852925C6D700770A4A /* Debug */,
				01F6E9862925C6D700770A4A /* Release */,
			);
			defaultConfigurationIsVisible = 0;
			defaultConfigurationName = Release;
		};
/* End XCConfigurationList section */

/* Begin XCRemoteSwiftPackageReference section */
		013BD1CD29645B1900C7EA52 /* XCRemoteSwiftPackageReference "ReactorKit" */ = {
			isa = XCRemoteSwiftPackageReference;
			repositoryURL = "https://github.com/ReactorKit/ReactorKit";
			requirement = {
				kind = upToNextMajorVersion;
				minimumVersion = 3.0.0;
			};
		};
		013BD1D029645B4D00C7EA52 /* XCRemoteSwiftPackageReference "RxSwift" */ = {
			isa = XCRemoteSwiftPackageReference;
			repositoryURL = "https://github.com/ReactiveX/RxSwift.git";
			requirement = {
				kind = exactVersion;
				version = 6.5.0;
			};
		};
		01850DE8296C354C00658FD1 /* XCRemoteSwiftPackageReference "firebase-ios-sdk" */ = {
			isa = XCRemoteSwiftPackageReference;
			repositoryURL = "https://github.com/firebase/firebase-ios-sdk";
			requirement = {
				kind = upToNextMajorVersion;
				minimumVersion = 9.0.0;
			};
		};
		01B8D23B29726A9E00D14462 /* XCRemoteSwiftPackageReference "Cosmos" */ = {
			isa = XCRemoteSwiftPackageReference;
			repositoryURL = "https://github.com/evgenyneu/Cosmos";
			requirement = {
				kind = upToNextMajorVersion;
				minimumVersion = 23.0.0;
			};
		};
/* End XCRemoteSwiftPackageReference section */

/* Begin XCSwiftPackageProductDependency section */
		013BD1CE29645B1900C7EA52 /* ReactorKit */ = {
			isa = XCSwiftPackageProductDependency;
			package = 013BD1CD29645B1900C7EA52 /* XCRemoteSwiftPackageReference "ReactorKit" */;
			productName = ReactorKit;
		};
		013BD1D129645B4D00C7EA52 /* RxCocoa */ = {
			isa = XCSwiftPackageProductDependency;
			package = 013BD1D029645B4D00C7EA52 /* XCRemoteSwiftPackageReference "RxSwift" */;
			productName = RxCocoa;
		};
		013BD1D329645B4D00C7EA52 /* RxSwift */ = {
			isa = XCSwiftPackageProductDependency;
			package = 013BD1D029645B4D00C7EA52 /* XCRemoteSwiftPackageReference "RxSwift" */;
			productName = RxSwift;
		};
		01850E00297142E800658FD1 /* FirebaseFirestore */ = {
			isa = XCSwiftPackageProductDependency;
			package = 01850DE8296C354C00658FD1 /* XCRemoteSwiftPackageReference "firebase-ios-sdk" */;
			productName = FirebaseFirestore;
		};
		01850E0229714ADC00658FD1 /* FirebaseFirestoreSwift */ = {
			isa = XCSwiftPackageProductDependency;
			package = 01850DE8296C354C00658FD1 /* XCRemoteSwiftPackageReference "firebase-ios-sdk" */;
			productName = FirebaseFirestoreSwift;
		};
		01B8D23C29726A9E00D14462 /* Cosmos */ = {
			isa = XCSwiftPackageProductDependency;
			package = 01B8D23B29726A9E00D14462 /* XCRemoteSwiftPackageReference "Cosmos" */;
			productName = Cosmos;
		};
/* End XCSwiftPackageProductDependency section */
	};
	rootObject = 01F6E9682925C6D500770A4A /* Project object */;
}
